<?xml version="1.0" encoding="utf-8"?>
<Project ToolsVersion="4.0" xmlns="http://schemas.microsoft.com/developer/msbuild/2003">
  <ItemGroup>
    <Filter Include="Source Files">
      <UniqueIdentifier>{4FC737F1-C7A5-4376-A066-2A32D752A2FF}</UniqueIdentifier>
      <Extensions>cpp;c;cc;cxx;def;odl;idl;hpj;bat;asm;asmx</Extensions>
    </Filter>
    <Filter Include="Header Files">
      <UniqueIdentifier>{93995380-89BD-4b04-88EB-625FBE52EBFB}</UniqueIdentifier>
      <Extensions>h;hh;hpp;hxx;hm;inl;inc;ipp;xsd</Extensions>
    </Filter>
    <Filter Include="Resource Files">
      <UniqueIdentifier>{67DA6AB6-F800-4c08-8B7A-83BB121AAD01}</UniqueIdentifier>
      <Extensions>rc;ico;cur;bmp;dlg;rc2;rct;bin;rgs;gif;jpg;jpeg;jpe;resx;tiff;tif;png;wav;mfcribbon-ms</Extensions>
    </Filter>
    <Filter Include="Header Files\Device">
      <UniqueIdentifier>{e21a6bda-b59a-4550-8b98-b8bedfd04413}</UniqueIdentifier>
    </Filter>
    <Filter Include="Source Files\Device">
      <UniqueIdentifier>{0f306f1d-8ae7-4edd-be4f-4b7f749665db}</UniqueIdentifier>
    </Filter>
    <Filter Include="Header Files\glog">
      <UniqueIdentifier>{adaa32b1-3116-4fa8-b887-7095e9d0e363}</UniqueIdentifier>
    </Filter>
    <Filter Include="Source Files\glog">
      <UniqueIdentifier>{e1b49a72-012d-4746-b8a1-2fb798475022}</UniqueIdentifier>
    </Filter>
    <Filter Include="Header Files\zmq">
      <UniqueIdentifier>{60f6f3bc-5f72-4b5b-b927-25ff81614cf7}</UniqueIdentifier>
    </Filter>
    <Filter Include="Source Files\zmq">
      <UniqueIdentifier>{08d4b6ce-d880-48b9-8d18-3b09264fcf80}</UniqueIdentifier>
    </Filter>
    <Filter Include="Header Files\MQModel">
      <UniqueIdentifier>{085d0504-4e0c-4377-9502-b2eb690d0659}</UniqueIdentifier>
    </Filter>
    <Filter Include="Header Files\MQ">
      <UniqueIdentifier>{6812648a-9859-4fc8-8e72-0fdb5371476a}</UniqueIdentifier>
    </Filter>
    <Filter Include="Source Files\MQ">
      <UniqueIdentifier>{8a2c82e6-b676-49e8-8426-986a06cf9df3}</UniqueIdentifier>
    </Filter>
    <Filter Include="Header Files\CPU">
      <UniqueIdentifier>{67a4b6a3-99e9-4fa3-8127-cd4599a34bfa}</UniqueIdentifier>
    </Filter>
    <Filter Include="Source Files\CPU">
      <UniqueIdentifier>{04dc4b18-ee1a-49f2-93ba-30891b2b1c65}</UniqueIdentifier>
    </Filter>
    <Filter Include="Header Files\Decoder">
      <UniqueIdentifier>{a6ef42bf-4c64-41f5-b1bd-5b6e4fef1008}</UniqueIdentifier>
    </Filter>
    <Filter Include="Source Files\Decoder">
      <UniqueIdentifier>{637a4204-b260-47ee-9c22-7425745cd30b}</UniqueIdentifier>
    </Filter>
    <Filter Include="Header Files\Decoder\SDK">
      <UniqueIdentifier>{ee1b9e56-c58d-4be1-b024-c17e2e4b4b34}</UniqueIdentifier>
    </Filter>
    <Filter Include="Source Files\Decoder\SDK">
      <UniqueIdentifier>{3aae4a4d-4316-4a14-805a-008c895f0551}</UniqueIdentifier>
    </Filter>
    <Filter Include="Source Files\Device\Hikvision">
      <UniqueIdentifier>{91ebe1dc-17d0-4dc9-b8cc-e1b9b2051aa3}</UniqueIdentifier>
    </Filter>
    <Filter Include="Header Files\Device\Hikvision">
      <UniqueIdentifier>{b353818f-553f-4bfe-8165-5641f7a0dce4}</UniqueIdentifier>
    </Filter>
    <Filter Include="Source Files\boost">
      <UniqueIdentifier>{8cd0c832-1980-4100-8db2-9a5da0e0b59a}</UniqueIdentifier>
    </Filter>
    <Filter Include="Source Files\boost\filesystem">
      <UniqueIdentifier>{f0b3a1f2-25b9-43ea-b700-78d4e8475f40}</UniqueIdentifier>
    </Filter>
    <Filter Include="Source Files\boost\system">
      <UniqueIdentifier>{07d56225-a380-40f6-b902-0a84b73de717}</UniqueIdentifier>
    </Filter>
    <Filter Include="Header Files\Stream">
      <UniqueIdentifier>{4272b680-b125-41ff-b5e7-344c28717d7a}</UniqueIdentifier>
    </Filter>
    <Filter Include="Source Files\Stream">
      <UniqueIdentifier>{c47daca8-a52f-4b8b-b38a-66ad4eddd863}</UniqueIdentifier>
    </Filter>
    <Filter Include="Header Files\Stream\Hikvision">
      <UniqueIdentifier>{bb43591b-061f-4e5f-a457-4b0edb05fbbc}</UniqueIdentifier>
    </Filter>
    <Filter Include="Source Files\Stream\Hikvision">
      <UniqueIdentifier>{66bb24a8-001d-4da7-8d92-56fb9c72b8ee}</UniqueIdentifier>
    </Filter>
    <Filter Include="Header Files\Encoder">
      <UniqueIdentifier>{de8e2218-7e85-48de-a8bb-f9f0fb17453d}</UniqueIdentifier>
    </Filter>
    <Filter Include="Source Files\Encoder">
      <UniqueIdentifier>{4a2cf3b3-acd8-4028-a279-a3f871febc27}</UniqueIdentifier>
    </Filter>
    <Filter Include="Header Files\Thread">
      <UniqueIdentifier>{24344969-500a-46d4-9f79-4728e0b5088a}</UniqueIdentifier>
    </Filter>
    <Filter Include="Source Files\Thread">
      <UniqueIdentifier>{70e293be-ff42-4bdd-b9ac-e160cc2d3c02}</UniqueIdentifier>
    </Filter>
    <Filter Include="Source Files\boost\thread">
      <UniqueIdentifier>{3db7c13c-5171-41d7-a642-f02768207ac1}</UniqueIdentifier>
    </Filter>
    <Filter Include="Header Files\MQModel\Publisher">
      <UniqueIdentifier>{5014d645-1062-4136-9f5c-e668ecf3b81f}</UniqueIdentifier>
    </Filter>
    <Filter Include="Header Files\MQModel\Transfer">
      <UniqueIdentifier>{e83a3e20-4ba8-4e78-a401-826d086dcce5}</UniqueIdentifier>
    </Filter>
    <Filter Include="Header Files\MQModel\Worker">
      <UniqueIdentifier>{a18f441d-565e-4ec0-9a71-00a3249879be}</UniqueIdentifier>
    </Filter>
    <Filter Include="Source Files\MQModel">
      <UniqueIdentifier>{f84bb6ef-760a-4d46-afbd-726207e4e373}</UniqueIdentifier>
    </Filter>
    <Filter Include="Source Files\MQModel\Publisher">
      <UniqueIdentifier>{418356a7-ad23-4238-ae8d-accccdf4447e}</UniqueIdentifier>
    </Filter>
    <Filter Include="Source Files\MQModel\Transfer">
      <UniqueIdentifier>{ab3575f8-e793-4409-8546-be1b6e013f04}</UniqueIdentifier>
    </Filter>
    <Filter Include="Source Files\MQModel\Worker">
      <UniqueIdentifier>{54ca020e-e181-486f-aaa4-37dbff082899}</UniqueIdentifier>
    </Filter>
    <Filter Include="Header Files\DataStruct">
      <UniqueIdentifier>{14f6af40-c767-455e-99da-f4512ed9d7a3}</UniqueIdentifier>
    </Filter>
    <Filter Include="Source Files\tinyxml2">
      <UniqueIdentifier>{7a56041a-b661-44e9-b5ec-23a6fe798e2b}</UniqueIdentifier>
    </Filter>
    <Filter Include="Header Files\File">
      <UniqueIdentifier>{735d0970-f26b-478e-935d-ee694febb050}</UniqueIdentifier>
    </Filter>
    <Filter Include="Header Files\File\Com">
      <UniqueIdentifier>{4db10c37-d616-49f4-9697-2cb4761835f6}</UniqueIdentifier>
    </Filter>
    <Filter Include="Source Files\File">
      <UniqueIdentifier>{302fa2a1-6ef5-4567-82b1-c8fd3efb1cfb}</UniqueIdentifier>
    </Filter>
    <Filter Include="Source Files\File\Com">
      <UniqueIdentifier>{5e267ef2-338e-4dd8-a404-28e4bd56316a}</UniqueIdentifier>
    </Filter>
    <Filter Include="Source Files\boost\chrono">
      <UniqueIdentifier>{bf577821-a47e-49e0-bda8-d43f70c9e5e9}</UniqueIdentifier>
    </Filter>
    <Filter Include="Source Files\boost\date_time">
      <UniqueIdentifier>{771e75db-a20b-4699-88ea-c0910660af16}</UniqueIdentifier>
    </Filter>
    <Filter Include="Source Files\boost\date_time\posix_time">
      <UniqueIdentifier>{bac4523e-aa27-47a4-9d48-a4efc1e1235a}</UniqueIdentifier>
    </Filter>
    <Filter Include="Source Files\boost\date_time\gregorian">
      <UniqueIdentifier>{4029ec08-4f8e-458d-b215-6a69d9b30059}</UniqueIdentifier>
    </Filter>
    <Filter Include="Header Files\Time">
      <UniqueIdentifier>{4db019d7-0854-4ebb-9b68-c3395b52216a}</UniqueIdentifier>
    </Filter>
    <Filter Include="Source Files\Time">
      <UniqueIdentifier>{2bba6e5c-77d9-49df-baa8-ab28b41b7b9e}</UniqueIdentifier>
    </Filter>
    <Filter Include="Header Files\Camera">
      <UniqueIdentifier>{613fffa3-eb2c-4206-b91e-0cfe2f23373e}</UniqueIdentifier>
    </Filter>
    <Filter Include="Source Files\Camera">
      <UniqueIdentifier>{a6b167b1-03c9-4977-b8ed-a2bb4fd09947}</UniqueIdentifier>
    </Filter>
    <Filter Include="Header Files\Arithmetic">
      <UniqueIdentifier>{cdbce29e-1779-4dcc-b790-ea4641d341b1}</UniqueIdentifier>
    </Filter>
    <Filter Include="Source Files\Arithmetic">
      <UniqueIdentifier>{6aa7f2cd-d6bf-4271-bc41-7c21bf9928d4}</UniqueIdentifier>
    </Filter>
    <Filter Include="Source Files\Converter">
      <UniqueIdentifier>{8622de00-d822-4793-8ccd-731a38b88abb}</UniqueIdentifier>
    </Filter>
    <Filter Include="Header Files\Converter">
      <UniqueIdentifier>{e107f76a-3696-4f21-a848-42c0e8dd9901}</UniqueIdentifier>
    </Filter>
    <Filter Include="Header Files\Frame">
      <UniqueIdentifier>{f4865e04-1f31-4aa6-a216-e72340449f29}</UniqueIdentifier>
    </Filter>
    <Filter Include="Source Files\Frame">
      <UniqueIdentifier>{102dfce5-eadf-440c-9be5-c62020831e41}</UniqueIdentifier>
    </Filter>
    <Filter Include="Header Files\Converter\Hikvision">
      <UniqueIdentifier>{4361c8de-c22e-49e9-90d3-f4208563695d}</UniqueIdentifier>
    </Filter>
    <Filter Include="Source Files\Converter\Hikvision">
      <UniqueIdentifier>{c4ce1ad1-94e9-4a59-b3d2-6de31226d259}</UniqueIdentifier>
    </Filter>
    <Filter Include="Header Files\Encoder\JPEG">
      <UniqueIdentifier>{381ae10e-b7a5-420f-b8b6-e9f443ddfdbb}</UniqueIdentifier>
    </Filter>
    <Filter Include="Source Files\Encoder\JPEG">
      <UniqueIdentifier>{227d19fc-5361-4404-b94f-cef2a14584ef}</UniqueIdentifier>
    </Filter>
  </ItemGroup>
  <ItemGroup>
    <ClCompile Include="..\source\Device\Device.cpp">
      <Filter>Source Files\Device</Filter>
    </ClCompile>
    <ClCompile Include="devicehost.cpp">
      <Filter>Source Files</Filter>
    </ClCompile>
    <ClCompile Include="..\glog-master\demangle.cc">
      <Filter>Source Files\glog</Filter>
    </ClCompile>
    <ClCompile Include="..\glog-master\logging.cc">
      <Filter>Source Files\glog</Filter>
    </ClCompile>
    <ClCompile Include="..\glog-master\raw_logging.cc">
      <Filter>Source Files\glog</Filter>
    </ClCompile>
    <ClCompile Include="..\glog-master\signalhandler.cc">
      <Filter>Source Files\glog</Filter>
    </ClCompile>
    <ClCompile Include="..\glog-master\symbolize.cc">
      <Filter>Source Files\glog</Filter>
    </ClCompile>
    <ClCompile Include="..\glog-master\utilities.cc">
      <Filter>Source Files\glog</Filter>
    </ClCompile>
    <ClCompile Include="..\glog-master\vlog_is_on.cc">
      <Filter>Source Files\glog</Filter>
    </ClCompile>
    <ClCompile Include="..\glog-master\port.cc">
      <Filter>Source Files\glog</Filter>
    </ClCompile>
    <ClCompile Include="..\libzmq-master\src\address.cpp">
      <Filter>Source Files\zmq</Filter>
    </ClCompile>
    <ClCompile Include="..\libzmq-master\src\client.cpp">
      <Filter>Source Files\zmq</Filter>
    </ClCompile>
    <ClCompile Include="..\libzmq-master\src\clock.cpp">
      <Filter>Source Files\zmq</Filter>
    </ClCompile>
    <ClCompile Include="..\libzmq-master\src\ctx.cpp">
      <Filter>Source Files\zmq</Filter>
    </ClCompile>
    <ClCompile Include="..\libzmq-master\src\curve_client.cpp">
      <Filter>Source Files\zmq</Filter>
    </ClCompile>
    <ClCompile Include="..\libzmq-master\src\curve_mechanism_base.cpp">
      <Filter>Source Files\zmq</Filter>
    </ClCompile>
    <ClCompile Include="..\libzmq-master\src\curve_server.cpp">
      <Filter>Source Files\zmq</Filter>
    </ClCompile>
    <ClCompile Include="..\libzmq-master\src\dealer.cpp">
      <Filter>Source Files\zmq</Filter>
    </ClCompile>
    <ClCompile Include="..\libzmq-master\src\decoder_allocators.cpp">
      <Filter>Source Files\zmq</Filter>
    </ClCompile>
    <ClCompile Include="..\libzmq-master\src\devpoll.cpp">
      <Filter>Source Files\zmq</Filter>
    </ClCompile>
    <ClCompile Include="..\libzmq-master\src\dgram.cpp">
      <Filter>Source Files\zmq</Filter>
    </ClCompile>
    <ClCompile Include="..\libzmq-master\src\dish.cpp">
      <Filter>Source Files\zmq</Filter>
    </ClCompile>
    <ClCompile Include="..\libzmq-master\src\dist.cpp">
      <Filter>Source Files\zmq</Filter>
    </ClCompile>
    <ClCompile Include="..\libzmq-master\src\epoll.cpp">
      <Filter>Source Files\zmq</Filter>
    </ClCompile>
    <ClCompile Include="..\libzmq-master\src\err.cpp">
      <Filter>Source Files\zmq</Filter>
    </ClCompile>
    <ClCompile Include="..\libzmq-master\src\fq.cpp">
      <Filter>Source Files\zmq</Filter>
    </ClCompile>
    <ClCompile Include="..\libzmq-master\src\gather.cpp">
      <Filter>Source Files\zmq</Filter>
    </ClCompile>
    <ClCompile Include="..\libzmq-master\src\gssapi_client.cpp">
      <Filter>Source Files\zmq</Filter>
    </ClCompile>
    <ClCompile Include="..\libzmq-master\src\gssapi_mechanism_base.cpp">
      <Filter>Source Files\zmq</Filter>
    </ClCompile>
    <ClCompile Include="..\libzmq-master\src\gssapi_server.cpp">
      <Filter>Source Files\zmq</Filter>
    </ClCompile>
    <ClCompile Include="..\libzmq-master\src\io_object.cpp">
      <Filter>Source Files\zmq</Filter>
    </ClCompile>
    <ClCompile Include="..\libzmq-master\src\io_thread.cpp">
      <Filter>Source Files\zmq</Filter>
    </ClCompile>
    <ClCompile Include="..\libzmq-master\src\ip.cpp">
      <Filter>Source Files\zmq</Filter>
    </ClCompile>
    <ClCompile Include="..\libzmq-master\src\ip_resolver.cpp">
      <Filter>Source Files\zmq</Filter>
    </ClCompile>
    <ClCompile Include="..\libzmq-master\src\ipc_address.cpp">
      <Filter>Source Files\zmq</Filter>
    </ClCompile>
    <ClCompile Include="..\libzmq-master\src\ipc_connecter.cpp">
      <Filter>Source Files\zmq</Filter>
    </ClCompile>
    <ClCompile Include="..\libzmq-master\src\ipc_listener.cpp">
      <Filter>Source Files\zmq</Filter>
    </ClCompile>
    <ClCompile Include="..\libzmq-master\src\kqueue.cpp">
      <Filter>Source Files\zmq</Filter>
    </ClCompile>
    <ClCompile Include="..\libzmq-master\src\lb.cpp">
      <Filter>Source Files\zmq</Filter>
    </ClCompile>
    <ClCompile Include="..\libzmq-master\src\mailbox.cpp">
      <Filter>Source Files\zmq</Filter>
    </ClCompile>
    <ClCompile Include="..\libzmq-master\src\mailbox_safe.cpp">
      <Filter>Source Files\zmq</Filter>
    </ClCompile>
    <ClCompile Include="..\libzmq-master\src\mechanism.cpp">
      <Filter>Source Files\zmq</Filter>
    </ClCompile>
    <ClCompile Include="..\libzmq-master\src\mechanism_base.cpp">
      <Filter>Source Files\zmq</Filter>
    </ClCompile>
    <ClCompile Include="..\libzmq-master\src\metadata.cpp">
      <Filter>Source Files\zmq</Filter>
    </ClCompile>
    <ClCompile Include="..\libzmq-master\src\msg.cpp">
      <Filter>Source Files\zmq</Filter>
    </ClCompile>
    <ClCompile Include="..\libzmq-master\src\mtrie.cpp">
      <Filter>Source Files\zmq</Filter>
    </ClCompile>
    <ClCompile Include="..\libzmq-master\src\norm_engine.cpp">
      <Filter>Source Files\zmq</Filter>
    </ClCompile>
    <ClCompile Include="..\libzmq-master\src\null_mechanism.cpp">
      <Filter>Source Files\zmq</Filter>
    </ClCompile>
    <ClCompile Include="..\libzmq-master\src\object.cpp">
      <Filter>Source Files\zmq</Filter>
    </ClCompile>
    <ClCompile Include="..\libzmq-master\src\options.cpp">
      <Filter>Source Files\zmq</Filter>
    </ClCompile>
    <ClCompile Include="..\libzmq-master\src\own.cpp">
      <Filter>Source Files\zmq</Filter>
    </ClCompile>
    <ClCompile Include="..\libzmq-master\src\pair.cpp">
      <Filter>Source Files\zmq</Filter>
    </ClCompile>
    <ClCompile Include="..\libzmq-master\src\pgm_receiver.cpp">
      <Filter>Source Files\zmq</Filter>
    </ClCompile>
    <ClCompile Include="..\libzmq-master\src\pgm_sender.cpp">
      <Filter>Source Files\zmq</Filter>
    </ClCompile>
    <ClCompile Include="..\libzmq-master\src\pgm_socket.cpp">
      <Filter>Source Files\zmq</Filter>
    </ClCompile>
    <ClCompile Include="..\libzmq-master\src\pipe.cpp">
      <Filter>Source Files\zmq</Filter>
    </ClCompile>
    <ClCompile Include="..\libzmq-master\src\plain_client.cpp">
      <Filter>Source Files\zmq</Filter>
    </ClCompile>
    <ClCompile Include="..\libzmq-master\src\plain_server.cpp">
      <Filter>Source Files\zmq</Filter>
    </ClCompile>
    <ClCompile Include="..\libzmq-master\src\poll.cpp">
      <Filter>Source Files\zmq</Filter>
    </ClCompile>
    <ClCompile Include="..\libzmq-master\src\poller_base.cpp">
      <Filter>Source Files\zmq</Filter>
    </ClCompile>
    <ClCompile Include="..\libzmq-master\src\polling_util.cpp">
      <Filter>Source Files\zmq</Filter>
    </ClCompile>
    <ClCompile Include="..\libzmq-master\src\pollset.cpp">
      <Filter>Source Files\zmq</Filter>
    </ClCompile>
    <ClCompile Include="..\libzmq-master\src\precompiled.cpp">
      <Filter>Source Files\zmq</Filter>
    </ClCompile>
    <ClCompile Include="..\libzmq-master\src\proxy.cpp">
      <Filter>Source Files\zmq</Filter>
    </ClCompile>
    <ClCompile Include="..\libzmq-master\src\pub.cpp">
      <Filter>Source Files\zmq</Filter>
    </ClCompile>
    <ClCompile Include="..\libzmq-master\src\pull.cpp">
      <Filter>Source Files\zmq</Filter>
    </ClCompile>
    <ClCompile Include="..\libzmq-master\src\push.cpp">
      <Filter>Source Files\zmq</Filter>
    </ClCompile>
    <ClCompile Include="..\libzmq-master\src\radio.cpp">
      <Filter>Source Files\zmq</Filter>
    </ClCompile>
    <ClCompile Include="..\libzmq-master\src\radix_tree.cpp">
      <Filter>Source Files\zmq</Filter>
    </ClCompile>
    <ClCompile Include="..\libzmq-master\src\random.cpp">
      <Filter>Source Files\zmq</Filter>
    </ClCompile>
    <ClCompile Include="..\libzmq-master\src\raw_decoder.cpp">
      <Filter>Source Files\zmq</Filter>
    </ClCompile>
    <ClCompile Include="..\libzmq-master\src\raw_encoder.cpp">
      <Filter>Source Files\zmq</Filter>
    </ClCompile>
    <ClCompile Include="..\libzmq-master\src\reaper.cpp">
      <Filter>Source Files\zmq</Filter>
    </ClCompile>
    <ClCompile Include="..\libzmq-master\src\rep.cpp">
      <Filter>Source Files\zmq</Filter>
    </ClCompile>
    <ClCompile Include="..\libzmq-master\src\req.cpp">
      <Filter>Source Files\zmq</Filter>
    </ClCompile>
    <ClCompile Include="..\libzmq-master\src\router.cpp">
      <Filter>Source Files\zmq</Filter>
    </ClCompile>
    <ClCompile Include="..\libzmq-master\src\scatter.cpp">
      <Filter>Source Files\zmq</Filter>
    </ClCompile>
    <ClCompile Include="..\libzmq-master\src\select.cpp">
      <Filter>Source Files\zmq</Filter>
    </ClCompile>
    <ClCompile Include="..\libzmq-master\src\server.cpp">
      <Filter>Source Files\zmq</Filter>
    </ClCompile>
    <ClCompile Include="..\libzmq-master\src\session_base.cpp">
      <Filter>Source Files\zmq</Filter>
    </ClCompile>
    <ClCompile Include="..\libzmq-master\src\signaler.cpp">
      <Filter>Source Files\zmq</Filter>
    </ClCompile>
    <ClCompile Include="..\libzmq-master\src\socket_base.cpp">
      <Filter>Source Files\zmq</Filter>
    </ClCompile>
    <ClCompile Include="..\libzmq-master\src\socket_poller.cpp">
      <Filter>Source Files\zmq</Filter>
    </ClCompile>
    <ClCompile Include="..\libzmq-master\src\socks.cpp">
      <Filter>Source Files\zmq</Filter>
    </ClCompile>
    <ClCompile Include="..\libzmq-master\src\socks_connecter.cpp">
      <Filter>Source Files\zmq</Filter>
    </ClCompile>
    <ClCompile Include="..\libzmq-master\src\stream.cpp">
      <Filter>Source Files\zmq</Filter>
    </ClCompile>
    <ClCompile Include="..\libzmq-master\src\stream_engine.cpp">
      <Filter>Source Files\zmq</Filter>
    </ClCompile>
    <ClCompile Include="..\libzmq-master\src\sub.cpp">
      <Filter>Source Files\zmq</Filter>
    </ClCompile>
    <ClCompile Include="..\libzmq-master\src\tcp.cpp">
      <Filter>Source Files\zmq</Filter>
    </ClCompile>
    <ClCompile Include="..\libzmq-master\src\tcp_address.cpp">
      <Filter>Source Files\zmq</Filter>
    </ClCompile>
    <ClCompile Include="..\libzmq-master\src\tcp_connecter.cpp">
      <Filter>Source Files\zmq</Filter>
    </ClCompile>
    <ClCompile Include="..\libzmq-master\src\tcp_listener.cpp">
      <Filter>Source Files\zmq</Filter>
    </ClCompile>
    <ClCompile Include="..\libzmq-master\src\thread.cpp">
      <Filter>Source Files\zmq</Filter>
    </ClCompile>
    <ClCompile Include="..\libzmq-master\src\timers.cpp">
      <Filter>Source Files\zmq</Filter>
    </ClCompile>
    <ClCompile Include="..\libzmq-master\src\tipc_address.cpp">
      <Filter>Source Files\zmq</Filter>
    </ClCompile>
    <ClCompile Include="..\libzmq-master\src\tipc_connecter.cpp">
      <Filter>Source Files\zmq</Filter>
    </ClCompile>
    <ClCompile Include="..\libzmq-master\src\tipc_listener.cpp">
      <Filter>Source Files\zmq</Filter>
    </ClCompile>
    <ClCompile Include="..\libzmq-master\src\trie.cpp">
      <Filter>Source Files\zmq</Filter>
    </ClCompile>
    <ClCompile Include="..\libzmq-master\src\tweetnacl.c">
      <Filter>Source Files\zmq</Filter>
    </ClCompile>
    <ClCompile Include="..\libzmq-master\src\udp_address.cpp">
      <Filter>Source Files\zmq</Filter>
    </ClCompile>
    <ClCompile Include="..\libzmq-master\src\udp_engine.cpp">
      <Filter>Source Files\zmq</Filter>
    </ClCompile>
    <ClCompile Include="..\libzmq-master\src\v1_decoder.cpp">
      <Filter>Source Files\zmq</Filter>
    </ClCompile>
    <ClCompile Include="..\libzmq-master\src\v1_encoder.cpp">
      <Filter>Source Files\zmq</Filter>
    </ClCompile>
    <ClCompile Include="..\libzmq-master\src\v2_decoder.cpp">
      <Filter>Source Files\zmq</Filter>
    </ClCompile>
    <ClCompile Include="..\libzmq-master\src\v2_encoder.cpp">
      <Filter>Source Files\zmq</Filter>
    </ClCompile>
    <ClCompile Include="..\libzmq-master\src\vmci.cpp">
      <Filter>Source Files\zmq</Filter>
    </ClCompile>
    <ClCompile Include="..\libzmq-master\src\vmci_address.cpp">
      <Filter>Source Files\zmq</Filter>
    </ClCompile>
    <ClCompile Include="..\libzmq-master\src\vmci_connecter.cpp">
      <Filter>Source Files\zmq</Filter>
    </ClCompile>
    <ClCompile Include="..\libzmq-master\src\vmci_listener.cpp">
      <Filter>Source Files\zmq</Filter>
    </ClCompile>
    <ClCompile Include="..\libzmq-master\src\xpub.cpp">
      <Filter>Source Files\zmq</Filter>
    </ClCompile>
    <ClCompile Include="..\libzmq-master\src\xsub.cpp">
      <Filter>Source Files\zmq</Filter>
    </ClCompile>
    <ClCompile Include="..\libzmq-master\src\zap_client.cpp">
      <Filter>Source Files\zmq</Filter>
    </ClCompile>
    <ClCompile Include="..\libzmq-master\src\zmq.cpp">
      <Filter>Source Files\zmq</Filter>
    </ClCompile>
    <ClCompile Include="..\libzmq-master\src\zmq_utils.cpp">
      <Filter>Source Files\zmq</Filter>
    </ClCompile>
    <ClCompile Include="..\source\MessageQueue\MQContext.cpp">
      <Filter>Source Files\MQ</Filter>
    </ClCompile>
    <ClCompile Include="..\source\MessageQueue\MQSender.cpp">
      <Filter>Source Files\MQ</Filter>
    </ClCompile>
    <ClCompile Include="..\source\MessageQueue\MQListener.cpp">
      <Filter>Source Files\MQ</Filter>
    </ClCompile>
    <ClCompile Include="..\source\Hardware\Cpu.cpp">
      <Filter>Source Files\CPU</Filter>
    </ClCompile>
    <ClCompile Include="..\source\MediaDecoder\MediaDecoder.cpp">
      <Filter>Source Files\Decoder</Filter>
    </ClCompile>
    <ClCompile Include="..\source\MediaDecoder\MediaMixerDecoder.cpp">
      <Filter>Source Files\Decoder</Filter>
    </ClCompile>
    <ClCompile Include="..\source\MediaDecoder\SDK\HikvisionSDKDecoder.cpp">
      <Filter>Source Files\Decoder\SDK</Filter>
    </ClCompile>
    <ClCompile Include="AlarmMessage.cpp">
      <Filter>Source Files</Filter>
    </ClCompile>
    <ClCompile Include="..\source\Device\Hikvision\HikvisionNVR.cpp">
      <Filter>Source Files\Device\Hikvision</Filter>
    </ClCompile>
    <ClCompile Include="..\boost_1_67_0\libs\filesystem\src\codecvt_error_category.cpp">
      <Filter>Source Files\boost\filesystem</Filter>
    </ClCompile>
    <ClCompile Include="..\boost_1_67_0\libs\filesystem\src\operations.cpp">
      <Filter>Source Files\boost\filesystem</Filter>
    </ClCompile>
    <ClCompile Include="..\boost_1_67_0\libs\filesystem\src\path.cpp">
      <Filter>Source Files\boost\filesystem</Filter>
    </ClCompile>
    <ClCompile Include="..\boost_1_67_0\libs\filesystem\src\path_traits.cpp">
      <Filter>Source Files\boost\filesystem</Filter>
    </ClCompile>
    <ClCompile Include="..\boost_1_67_0\libs\filesystem\src\portability.cpp">
      <Filter>Source Files\boost\filesystem</Filter>
    </ClCompile>
    <ClCompile Include="..\boost_1_67_0\libs\filesystem\src\unique_path.cpp">
      <Filter>Source Files\boost\filesystem</Filter>
    </ClCompile>
    <ClCompile Include="..\boost_1_67_0\libs\filesystem\src\utf8_codecvt_facet.cpp">
      <Filter>Source Files\boost\filesystem</Filter>
    </ClCompile>
    <ClCompile Include="..\boost_1_67_0\libs\filesystem\src\windows_file_codecvt.cpp">
      <Filter>Source Files\boost\filesystem</Filter>
    </ClCompile>
    <ClCompile Include="..\boost_1_67_0\libs\system\src\error_code.cpp">
      <Filter>Source Files\boost\system</Filter>
    </ClCompile>
    <ClCompile Include="Hikvision7xxxNVR.cpp">
      <Filter>Source Files</Filter>
    </ClCompile>
    <ClCompile Include="..\source\Stream\Livestream.cpp">
      <Filter>Source Files\Stream</Filter>
    </ClCompile>
    <ClCompile Include="..\source\Stream\Hikvision\HikvisionLivestream.cpp">
      <Filter>Source Files\Stream\Hikvision</Filter>
    </ClCompile>
    <ClCompile Include="DigitCameraLivestream.cpp">
      <Filter>Source Files</Filter>
    </ClCompile>
    <ClCompile Include="..\source\Stream\AVStream.cpp">
      <Filter>Source Files\Stream</Filter>
    </ClCompile>
    <ClCompile Include="..\source\MediaEncoder\MediaEncoder.cpp">
      <Filter>Source Files\Encoder</Filter>
    </ClCompile>
    <ClCompile Include="..\boost_1_67_0\libs\thread\src\win32\boost_thread.cpp">
      <Filter>Source Files\boost\thread</Filter>
    </ClCompile>
    <ClCompile Include="..\boost_1_67_0\libs\thread\src\win32\thread_primitives.cpp">
      <Filter>Source Files\boost\thread</Filter>
    </ClCompile>
    <ClCompile Include="..\boost_1_67_0\libs\thread\src\win32\tss_dll.cpp">
      <Filter>Source Files\boost\thread</Filter>
    </ClCompile>
    <ClCompile Include="..\boost_1_67_0\libs\thread\src\win32\tss_pe.cpp">
      <Filter>Source Files\boost\thread</Filter>
    </ClCompile>
    <ClCompile Include="..\source\Device\Hikvision\HikvisionDevice.cpp">
      <Filter>Source Files\Device\Hikvision</Filter>
    </ClCompile>
    <ClCompile Include="..\source\MessageQueue\MQThread.cpp">
      <Filter>Source Files\MQ</Filter>
    </ClCompile>
    <ClCompile Include="..\source\MQModel\MQModel.cpp">
      <Filter>Source Files\MQModel</Filter>
    </ClCompile>
    <ClCompile Include="..\source\MessageQueue\MQReceiver.cpp">
      <Filter>Source Files\MQ</Filter>
    </ClCompile>
    <ClCompile Include="..\source\MQModel\Publisher\PublisherModel.cpp">
      <Filter>Source Files\MQModel\Publisher</Filter>
    </ClCompile>
    <ClCompile Include="..\source\MQModel\Transfer\TransferModel.cpp">
      <Filter>Source Files\MQModel\Transfer</Filter>
    </ClCompile>
    <ClCompile Include="..\source\MessageQueue\MQTransfer.cpp">
      <Filter>Source Files\MQ</Filter>
    </ClCompile>
    <ClCompile Include="AsynchronousServer.cpp">
      <Filter>Source Files</Filter>
    </ClCompile>
    <ClCompile Include="..\source\MQModel\Worker\WorkerModel.cpp">
      <Filter>Source Files\MQModel\Worker</Filter>
    </ClCompile>
    <ClCompile Include="..\source\MessageQueue\MQConnector.cpp">
      <Filter>Source Files\MQ</Filter>
    </ClCompile>
    <ClCompile Include="..\source\Arithmetic\CVAlgo.cpp">
      <Filter>Source Files\Arithmetic</Filter>
    </ClCompile>
    <ClCompile Include="..\source\Arithmetic\CVAlgoHelmet.cpp">
      <Filter>Source Files\Arithmetic</Filter>
    </ClCompile>
    <ClCompile Include="..\source\Arithmetic\CVAlgoFace.cpp">
      <Filter>Source Files\Arithmetic</Filter>
    </ClCompile>
    <ClCompile Include="..\source\Arithmetic\CVAlgoPhone.cpp">
      <Filter>Source Files\Arithmetic</Filter>
    </ClCompile>
    <ClCompile Include="..\source\Arithmetic\CVAlgoSleep.cpp">
      <Filter>Source Files\Arithmetic</Filter>
    </ClCompile>
    <ClCompile Include="..\source\Arithmetic\CVAlgoFight.cpp">
      <Filter>Source Files\Arithmetic</Filter>
    </ClCompile>
    <ClCompile Include="..\tinyxml2-master\tinyxml2.cpp">
      <Filter>Source Files\tinyxml2</Filter>
    </ClCompile>
    <ClCompile Include="..\source\File\Com\ComPort.cpp">
      <Filter>Source Files\File\Com</Filter>
    </ClCompile>
    <ClCompile Include="..\boost_1_67_0\libs\chrono\src\chrono.cpp">
      <Filter>Source Files\boost\chrono</Filter>
    </ClCompile>
    <ClCompile Include="..\boost_1_67_0\libs\date_time\src\gregorian\date_generators.cpp">
      <Filter>Source Files\boost\date_time\gregorian</Filter>
    </ClCompile>
    <ClCompile Include="..\boost_1_67_0\libs\date_time\src\gregorian\greg_month.cpp">
      <Filter>Source Files\boost\date_time\gregorian</Filter>
    </ClCompile>
    <ClCompile Include="..\boost_1_67_0\libs\date_time\src\gregorian\greg_weekday.cpp">
      <Filter>Source Files\boost\date_time\gregorian</Filter>
    </ClCompile>
    <ClCompile Include="..\boost_1_67_0\libs\date_time\src\gregorian\gregorian_types.cpp">
      <Filter>Source Files\boost\date_time\gregorian</Filter>
    </ClCompile>
    <ClCompile Include="..\boost_1_67_0\libs\date_time\src\posix_time\posix_time_types.cpp">
      <Filter>Source Files\boost\date_time\posix_time</Filter>
    </ClCompile>
    <ClCompile Include="..\source\Time\Time.cpp">
      <Filter>Source Files\Time</Filter>
    </ClCompile>
    <ClCompile Include="..\source\Camera\Camera.cpp">
      <Filter>Source Files\Camera</Filter>
    </ClCompile>
    <ClCompile Include="..\source\MediaConverter\MediaConverter.cpp">
      <Filter>Source Files\Converter</Filter>
    </ClCompile>
    <ClCompile Include="..\source\MediaFrame\MediaFrame.cpp">
      <Filter>Source Files\Frame</Filter>
    </ClCompile>
    <ClCompile Include="..\source\MediaConverter\Hikvision\HikvisionImageConverter.cpp">
      <Filter>Source Files\Converter\Hikvision</Filter>
    </ClCompile>
    <ClCompile Include="..\source\MediaConverter\FFmpegConverter.cpp">
      <Filter>Source Files\Converter</Filter>
    </ClCompile>
    <ClCompile Include="..\source\MediaConverter\YUV420PToBGR24Converter.cpp">
      <Filter>Source Files\Converter</Filter>
    </ClCompile>
    <ClCompile Include="..\source\MediaConverter\YV12ToYUV420PConverter.cpp">
      <Filter>Source Files\Converter</Filter>
    </ClCompile>
    <ClCompile Include="..\source\MediaEncoder\FFmpegEncoder.cpp">
      <Filter>Source Files\Encoder</Filter>
    </ClCompile>
    <ClCompile Include="..\source\MediaEncoder\JPEG\YUV420PToJPEGEncoder.cpp">
      <Filter>Source Files\Encoder\JPEG</Filter>
    </ClCompile>
  </ItemGroup>
  <ItemGroup>
    <ClInclude Include="..\include\Device\Device.h">
      <Filter>Header Files\Device</Filter>
    </ClInclude>
    <ClInclude Include="..\include\error.h">
      <Filter>Header Files</Filter>
    </ClInclude>
    <ClInclude Include="..\include\predef.h">
      <Filter>Header Files</Filter>
    </ClInclude>
    <ClInclude Include="..\glog-master\config.h">
      <Filter>Source Files\glog</Filter>
    </ClInclude>
    <ClInclude Include="..\glog-master\demangle.h">
      <Filter>Source Files\glog</Filter>
    </ClInclude>
    <ClInclude Include="..\glog-master\mock-log.h">
      <Filter>Source Files\glog</Filter>
    </ClInclude>
    <ClInclude Include="..\glog-master\symbolize.h">
      <Filter>Source Files\glog</Filter>
    </ClInclude>
    <ClInclude Include="..\glog-master\utilities.h">
      <Filter>Source Files\glog</Filter>
    </ClInclude>
    <ClInclude Include="..\glog-master\stacktrace.h">
      <Filter>Source Files\glog</Filter>
    </ClInclude>
    <ClInclude Include="..\glog-master\stacktrace_generic-inl.h">
      <Filter>Source Files\glog</Filter>
    </ClInclude>
    <ClInclude Include="..\glog-master\stacktrace_libunwind-inl.h">
      <Filter>Source Files\glog</Filter>
    </ClInclude>
    <ClInclude Include="..\glog-master\stacktrace_powerpc-inl.h">
      <Filter>Source Files\glog</Filter>
    </ClInclude>
    <ClInclude Include="..\glog-master\stacktrace_windows-inl.h">
      <Filter>Source Files\glog</Filter>
    </ClInclude>
    <ClInclude Include="..\glog-master\stacktrace_x86_64-inl.h">
      <Filter>Source Files\glog</Filter>
    </ClInclude>
    <ClInclude Include="..\glog-master\stacktrace_x86-inl.h">
      <Filter>Source Files\glog</Filter>
    </ClInclude>
    <ClInclude Include="..\glog-master\glog\log_severity.h">
      <Filter>Header Files\glog</Filter>
    </ClInclude>
    <ClInclude Include="..\glog-master\glog\logging.h">
      <Filter>Header Files\glog</Filter>
    </ClInclude>
    <ClInclude Include="..\glog-master\glog\raw_logging.h">
      <Filter>Header Files\glog</Filter>
    </ClInclude>
    <ClInclude Include="..\glog-master\glog\stl_logging.h">
      <Filter>Header Files\glog</Filter>
    </ClInclude>
    <ClInclude Include="..\glog-master\glog\vlog_is_on.h">
      <Filter>Header Files\glog</Filter>
    </ClInclude>
    <ClInclude Include="..\glog-master\port.h">
      <Filter>Source Files\glog</Filter>
    </ClInclude>
    <ClInclude Include="..\libzmq-master\include\zmq.h">
      <Filter>Header Files\zmq</Filter>
    </ClInclude>
    <ClInclude Include="..\libzmq-master\include\zmq_utils.h">
      <Filter>Header Files\zmq</Filter>
    </ClInclude>
    <ClInclude Include="..\libzmq-master\src\address.hpp">
      <Filter>Source Files\zmq</Filter>
    </ClInclude>
    <ClInclude Include="..\libzmq-master\src\array.hpp">
      <Filter>Source Files\zmq</Filter>
    </ClInclude>
    <ClInclude Include="..\libzmq-master\src\atomic_counter.hpp">
      <Filter>Source Files\zmq</Filter>
    </ClInclude>
    <ClInclude Include="..\libzmq-master\src\atomic_ptr.hpp">
      <Filter>Source Files\zmq</Filter>
    </ClInclude>
    <ClInclude Include="..\libzmq-master\src\blob.hpp">
      <Filter>Source Files\zmq</Filter>
    </ClInclude>
    <ClInclude Include="..\libzmq-master\src\client.hpp">
      <Filter>Source Files\zmq</Filter>
    </ClInclude>
    <ClInclude Include="..\libzmq-master\src\clock.hpp">
      <Filter>Source Files\zmq</Filter>
    </ClInclude>
    <ClInclude Include="..\libzmq-master\src\command.hpp">
      <Filter>Source Files\zmq</Filter>
    </ClInclude>
    <ClInclude Include="..\libzmq-master\src\condition_variable.hpp">
      <Filter>Source Files\zmq</Filter>
    </ClInclude>
    <ClInclude Include="..\libzmq-master\src\config.hpp">
      <Filter>Source Files\zmq</Filter>
    </ClInclude>
    <ClInclude Include="..\libzmq-master\src\ctx.hpp">
      <Filter>Source Files\zmq</Filter>
    </ClInclude>
    <ClInclude Include="..\libzmq-master\src\curve_client.hpp">
      <Filter>Source Files\zmq</Filter>
    </ClInclude>
    <ClInclude Include="..\libzmq-master\src\curve_client_tools.hpp">
      <Filter>Source Files\zmq</Filter>
    </ClInclude>
    <ClInclude Include="..\libzmq-master\src\curve_mechanism_base.hpp">
      <Filter>Source Files\zmq</Filter>
    </ClInclude>
    <ClInclude Include="..\libzmq-master\src\curve_server.hpp">
      <Filter>Source Files\zmq</Filter>
    </ClInclude>
    <ClInclude Include="..\libzmq-master\src\dbuffer.hpp">
      <Filter>Source Files\zmq</Filter>
    </ClInclude>
    <ClInclude Include="..\libzmq-master\src\dealer.hpp">
      <Filter>Source Files\zmq</Filter>
    </ClInclude>
    <ClInclude Include="..\libzmq-master\src\decoder.hpp">
      <Filter>Source Files\zmq</Filter>
    </ClInclude>
    <ClInclude Include="..\libzmq-master\src\decoder_allocators.hpp">
      <Filter>Source Files\zmq</Filter>
    </ClInclude>
    <ClInclude Include="..\libzmq-master\src\devpoll.hpp">
      <Filter>Source Files\zmq</Filter>
    </ClInclude>
    <ClInclude Include="..\libzmq-master\src\dgram.hpp">
      <Filter>Source Files\zmq</Filter>
    </ClInclude>
    <ClInclude Include="..\libzmq-master\src\dish.hpp">
      <Filter>Source Files\zmq</Filter>
    </ClInclude>
    <ClInclude Include="..\libzmq-master\src\dist.hpp">
      <Filter>Source Files\zmq</Filter>
    </ClInclude>
    <ClInclude Include="..\libzmq-master\src\encoder.hpp">
      <Filter>Source Files\zmq</Filter>
    </ClInclude>
    <ClInclude Include="..\libzmq-master\src\epoll.hpp">
      <Filter>Source Files\zmq</Filter>
    </ClInclude>
    <ClInclude Include="..\libzmq-master\src\err.hpp">
      <Filter>Source Files\zmq</Filter>
    </ClInclude>
    <ClInclude Include="..\libzmq-master\src\fd.hpp">
      <Filter>Source Files\zmq</Filter>
    </ClInclude>
    <ClInclude Include="..\libzmq-master\src\fq.hpp">
      <Filter>Source Files\zmq</Filter>
    </ClInclude>
    <ClInclude Include="..\libzmq-master\src\gather.hpp">
      <Filter>Source Files\zmq</Filter>
    </ClInclude>
    <ClInclude Include="..\libzmq-master\src\generic_mtrie.hpp">
      <Filter>Source Files\zmq</Filter>
    </ClInclude>
    <ClInclude Include="..\libzmq-master\src\generic_mtrie_impl.hpp">
      <Filter>Source Files\zmq</Filter>
    </ClInclude>
    <ClInclude Include="..\libzmq-master\src\gssapi_client.hpp">
      <Filter>Source Files\zmq</Filter>
    </ClInclude>
    <ClInclude Include="..\libzmq-master\src\gssapi_mechanism_base.hpp">
      <Filter>Source Files\zmq</Filter>
    </ClInclude>
    <ClInclude Include="..\libzmq-master\src\gssapi_server.hpp">
      <Filter>Source Files\zmq</Filter>
    </ClInclude>
    <ClInclude Include="..\libzmq-master\src\i_decoder.hpp">
      <Filter>Source Files\zmq</Filter>
    </ClInclude>
    <ClInclude Include="..\libzmq-master\src\i_encoder.hpp">
      <Filter>Source Files\zmq</Filter>
    </ClInclude>
    <ClInclude Include="..\libzmq-master\src\i_engine.hpp">
      <Filter>Source Files\zmq</Filter>
    </ClInclude>
    <ClInclude Include="..\libzmq-master\src\i_mailbox.hpp">
      <Filter>Source Files\zmq</Filter>
    </ClInclude>
    <ClInclude Include="..\libzmq-master\src\i_poll_events.hpp">
      <Filter>Source Files\zmq</Filter>
    </ClInclude>
    <ClInclude Include="..\libzmq-master\src\io_object.hpp">
      <Filter>Source Files\zmq</Filter>
    </ClInclude>
    <ClInclude Include="..\libzmq-master\src\io_thread.hpp">
      <Filter>Source Files\zmq</Filter>
    </ClInclude>
    <ClInclude Include="..\libzmq-master\src\ip.hpp">
      <Filter>Source Files\zmq</Filter>
    </ClInclude>
    <ClInclude Include="..\libzmq-master\src\ip_resolver.hpp">
      <Filter>Source Files\zmq</Filter>
    </ClInclude>
    <ClInclude Include="..\libzmq-master\src\ipc_address.hpp">
      <Filter>Source Files\zmq</Filter>
    </ClInclude>
    <ClInclude Include="..\libzmq-master\src\ipc_connecter.hpp">
      <Filter>Source Files\zmq</Filter>
    </ClInclude>
    <ClInclude Include="..\libzmq-master\src\ipc_listener.hpp">
      <Filter>Source Files\zmq</Filter>
    </ClInclude>
    <ClInclude Include="..\libzmq-master\src\kqueue.hpp">
      <Filter>Source Files\zmq</Filter>
    </ClInclude>
    <ClInclude Include="..\libzmq-master\src\lb.hpp">
      <Filter>Source Files\zmq</Filter>
    </ClInclude>
    <ClInclude Include="..\libzmq-master\src\likely.hpp">
      <Filter>Source Files\zmq</Filter>
    </ClInclude>
    <ClInclude Include="..\libzmq-master\src\macros.hpp">
      <Filter>Source Files\zmq</Filter>
    </ClInclude>
    <ClInclude Include="..\libzmq-master\src\mailbox.hpp">
      <Filter>Source Files\zmq</Filter>
    </ClInclude>
    <ClInclude Include="..\libzmq-master\src\mailbox_safe.hpp">
      <Filter>Source Files\zmq</Filter>
    </ClInclude>
    <ClInclude Include="..\libzmq-master\src\mechanism.hpp">
      <Filter>Source Files\zmq</Filter>
    </ClInclude>
    <ClInclude Include="..\libzmq-master\src\mechanism_base.hpp">
      <Filter>Source Files\zmq</Filter>
    </ClInclude>
    <ClInclude Include="..\libzmq-master\src\metadata.hpp">
      <Filter>Source Files\zmq</Filter>
    </ClInclude>
    <ClInclude Include="..\libzmq-master\src\msg.hpp">
      <Filter>Source Files\zmq</Filter>
    </ClInclude>
    <ClInclude Include="..\libzmq-master\src\mtrie.hpp">
      <Filter>Source Files\zmq</Filter>
    </ClInclude>
    <ClInclude Include="..\libzmq-master\src\mutex.hpp">
      <Filter>Source Files\zmq</Filter>
    </ClInclude>
    <ClInclude Include="..\libzmq-master\src\norm_engine.hpp">
      <Filter>Source Files\zmq</Filter>
    </ClInclude>
    <ClInclude Include="..\libzmq-master\src\null_mechanism.hpp">
      <Filter>Source Files\zmq</Filter>
    </ClInclude>
    <ClInclude Include="..\libzmq-master\src\object.hpp">
      <Filter>Source Files\zmq</Filter>
    </ClInclude>
    <ClInclude Include="..\libzmq-master\src\options.hpp">
      <Filter>Source Files\zmq</Filter>
    </ClInclude>
    <ClInclude Include="..\libzmq-master\src\own.hpp">
      <Filter>Source Files\zmq</Filter>
    </ClInclude>
    <ClInclude Include="..\libzmq-master\src\pair.hpp">
      <Filter>Source Files\zmq</Filter>
    </ClInclude>
    <ClInclude Include="..\libzmq-master\src\pgm_receiver.hpp">
      <Filter>Source Files\zmq</Filter>
    </ClInclude>
    <ClInclude Include="..\libzmq-master\src\pgm_sender.hpp">
      <Filter>Source Files\zmq</Filter>
    </ClInclude>
    <ClInclude Include="..\libzmq-master\src\pgm_socket.hpp">
      <Filter>Source Files\zmq</Filter>
    </ClInclude>
    <ClInclude Include="..\libzmq-master\src\pipe.hpp">
      <Filter>Source Files\zmq</Filter>
    </ClInclude>
    <ClInclude Include="..\libzmq-master\src\plain_client.hpp">
      <Filter>Source Files\zmq</Filter>
    </ClInclude>
    <ClInclude Include="..\libzmq-master\src\plain_common.hpp">
      <Filter>Source Files\zmq</Filter>
    </ClInclude>
    <ClInclude Include="..\libzmq-master\src\plain_server.hpp">
      <Filter>Source Files\zmq</Filter>
    </ClInclude>
    <ClInclude Include="..\libzmq-master\src\poll.hpp">
      <Filter>Source Files\zmq</Filter>
    </ClInclude>
    <ClInclude Include="..\libzmq-master\src\poller.hpp">
      <Filter>Source Files\zmq</Filter>
    </ClInclude>
    <ClInclude Include="..\libzmq-master\src\poller_base.hpp">
      <Filter>Source Files\zmq</Filter>
    </ClInclude>
    <ClInclude Include="..\libzmq-master\src\polling_util.hpp">
      <Filter>Source Files\zmq</Filter>
    </ClInclude>
    <ClInclude Include="..\libzmq-master\src\pollset.hpp">
      <Filter>Source Files\zmq</Filter>
    </ClInclude>
    <ClInclude Include="..\libzmq-master\src\precompiled.hpp">
      <Filter>Source Files\zmq</Filter>
    </ClInclude>
    <ClInclude Include="..\libzmq-master\src\proxy.hpp">
      <Filter>Source Files\zmq</Filter>
    </ClInclude>
    <ClInclude Include="..\libzmq-master\src\pub.hpp">
      <Filter>Source Files\zmq</Filter>
    </ClInclude>
    <ClInclude Include="..\libzmq-master\src\pull.hpp">
      <Filter>Source Files\zmq</Filter>
    </ClInclude>
    <ClInclude Include="..\libzmq-master\src\push.hpp">
      <Filter>Source Files\zmq</Filter>
    </ClInclude>
    <ClInclude Include="..\libzmq-master\src\radio.hpp">
      <Filter>Source Files\zmq</Filter>
    </ClInclude>
    <ClInclude Include="..\libzmq-master\src\radix_tree.hpp">
      <Filter>Source Files\zmq</Filter>
    </ClInclude>
    <ClInclude Include="..\libzmq-master\src\random.hpp">
      <Filter>Source Files\zmq</Filter>
    </ClInclude>
    <ClInclude Include="..\libzmq-master\src\raw_decoder.hpp">
      <Filter>Source Files\zmq</Filter>
    </ClInclude>
    <ClInclude Include="..\libzmq-master\src\raw_encoder.hpp">
      <Filter>Source Files\zmq</Filter>
    </ClInclude>
    <ClInclude Include="..\libzmq-master\src\reaper.hpp">
      <Filter>Source Files\zmq</Filter>
    </ClInclude>
    <ClInclude Include="..\libzmq-master\src\rep.hpp">
      <Filter>Source Files\zmq</Filter>
    </ClInclude>
    <ClInclude Include="..\libzmq-master\src\req.hpp">
      <Filter>Source Files\zmq</Filter>
    </ClInclude>
    <ClInclude Include="..\libzmq-master\src\router.hpp">
      <Filter>Source Files\zmq</Filter>
    </ClInclude>
    <ClInclude Include="..\libzmq-master\src\scatter.hpp">
      <Filter>Source Files\zmq</Filter>
    </ClInclude>
    <ClInclude Include="..\libzmq-master\src\select.hpp">
      <Filter>Source Files\zmq</Filter>
    </ClInclude>
    <ClInclude Include="..\libzmq-master\src\server.hpp">
      <Filter>Source Files\zmq</Filter>
    </ClInclude>
    <ClInclude Include="..\libzmq-master\src\session_base.hpp">
      <Filter>Source Files\zmq</Filter>
    </ClInclude>
    <ClInclude Include="..\libzmq-master\src\signaler.hpp">
      <Filter>Source Files\zmq</Filter>
    </ClInclude>
    <ClInclude Include="..\libzmq-master\src\socket_base.hpp">
      <Filter>Source Files\zmq</Filter>
    </ClInclude>
    <ClInclude Include="..\libzmq-master\src\socket_poller.hpp">
      <Filter>Source Files\zmq</Filter>
    </ClInclude>
    <ClInclude Include="..\libzmq-master\src\socks.hpp">
      <Filter>Source Files\zmq</Filter>
    </ClInclude>
    <ClInclude Include="..\libzmq-master\src\socks_connecter.hpp">
      <Filter>Source Files\zmq</Filter>
    </ClInclude>
    <ClInclude Include="..\libzmq-master\src\stdint.hpp">
      <Filter>Source Files\zmq</Filter>
    </ClInclude>
    <ClInclude Include="..\libzmq-master\src\stream.hpp">
      <Filter>Source Files\zmq</Filter>
    </ClInclude>
    <ClInclude Include="..\libzmq-master\src\stream_engine.hpp">
      <Filter>Source Files\zmq</Filter>
    </ClInclude>
    <ClInclude Include="..\libzmq-master\src\sub.hpp">
      <Filter>Source Files\zmq</Filter>
    </ClInclude>
    <ClInclude Include="..\libzmq-master\src\tcp.hpp">
      <Filter>Source Files\zmq</Filter>
    </ClInclude>
    <ClInclude Include="..\libzmq-master\src\tcp_address.hpp">
      <Filter>Source Files\zmq</Filter>
    </ClInclude>
    <ClInclude Include="..\libzmq-master\src\tcp_connecter.hpp">
      <Filter>Source Files\zmq</Filter>
    </ClInclude>
    <ClInclude Include="..\libzmq-master\src\tcp_listener.hpp">
      <Filter>Source Files\zmq</Filter>
    </ClInclude>
    <ClInclude Include="..\libzmq-master\src\thread.hpp">
      <Filter>Source Files\zmq</Filter>
    </ClInclude>
    <ClInclude Include="..\libzmq-master\src\timers.hpp">
      <Filter>Source Files\zmq</Filter>
    </ClInclude>
    <ClInclude Include="..\libzmq-master\src\tipc_address.hpp">
      <Filter>Source Files\zmq</Filter>
    </ClInclude>
    <ClInclude Include="..\libzmq-master\src\tipc_connecter.hpp">
      <Filter>Source Files\zmq</Filter>
    </ClInclude>
    <ClInclude Include="..\libzmq-master\src\tipc_listener.hpp">
      <Filter>Source Files\zmq</Filter>
    </ClInclude>
    <ClInclude Include="..\libzmq-master\src\trie.hpp">
      <Filter>Source Files\zmq</Filter>
    </ClInclude>
    <ClInclude Include="..\libzmq-master\src\tweetnacl.h">
      <Filter>Source Files\zmq</Filter>
    </ClInclude>
    <ClInclude Include="..\libzmq-master\src\udp_address.hpp">
      <Filter>Source Files\zmq</Filter>
    </ClInclude>
    <ClInclude Include="..\libzmq-master\src\udp_engine.hpp">
      <Filter>Source Files\zmq</Filter>
    </ClInclude>
    <ClInclude Include="..\libzmq-master\src\v1_decoder.hpp">
      <Filter>Source Files\zmq</Filter>
    </ClInclude>
    <ClInclude Include="..\libzmq-master\src\v1_encoder.hpp">
      <Filter>Source Files\zmq</Filter>
    </ClInclude>
    <ClInclude Include="..\libzmq-master\src\v2_decoder.hpp">
      <Filter>Source Files\zmq</Filter>
    </ClInclude>
    <ClInclude Include="..\libzmq-master\src\v2_encoder.hpp">
      <Filter>Source Files\zmq</Filter>
    </ClInclude>
    <ClInclude Include="..\libzmq-master\src\v2_protocol.hpp">
      <Filter>Source Files\zmq</Filter>
    </ClInclude>
    <ClInclude Include="..\libzmq-master\src\vmci.hpp">
      <Filter>Source Files\zmq</Filter>
    </ClInclude>
    <ClInclude Include="..\libzmq-master\src\vmci_address.hpp">
      <Filter>Source Files\zmq</Filter>
    </ClInclude>
    <ClInclude Include="..\libzmq-master\src\vmci_connecter.hpp">
      <Filter>Source Files\zmq</Filter>
    </ClInclude>
    <ClInclude Include="..\libzmq-master\src\vmci_listener.hpp">
      <Filter>Source Files\zmq</Filter>
    </ClInclude>
    <ClInclude Include="..\libzmq-master\src\windows.hpp">
      <Filter>Source Files\zmq</Filter>
    </ClInclude>
    <ClInclude Include="..\libzmq-master\src\wire.hpp">
      <Filter>Source Files\zmq</Filter>
    </ClInclude>
    <ClInclude Include="..\libzmq-master\src\xpub.hpp">
      <Filter>Source Files\zmq</Filter>
    </ClInclude>
    <ClInclude Include="..\libzmq-master\src\xsub.hpp">
      <Filter>Source Files\zmq</Filter>
    </ClInclude>
    <ClInclude Include="..\libzmq-master\src\ypipe.hpp">
      <Filter>Source Files\zmq</Filter>
    </ClInclude>
    <ClInclude Include="..\libzmq-master\src\ypipe_base.hpp">
      <Filter>Source Files\zmq</Filter>
    </ClInclude>
    <ClInclude Include="..\libzmq-master\src\ypipe_conflate.hpp">
      <Filter>Source Files\zmq</Filter>
    </ClInclude>
    <ClInclude Include="..\libzmq-master\src\yqueue.hpp">
      <Filter>Source Files\zmq</Filter>
    </ClInclude>
    <ClInclude Include="..\libzmq-master\src\zap_client.hpp">
      <Filter>Source Files\zmq</Filter>
    </ClInclude>
    <ClInclude Include="..\libzmq-master\src\zmq_draft.h">
      <Filter>Source Files\zmq</Filter>
    </ClInclude>
    <ClInclude Include="..\include\MessageQueue\MQContext.h">
      <Filter>Header Files\MQ</Filter>
    </ClInclude>
    <ClInclude Include="..\include\MessageQueue\MQSender.h">
      <Filter>Header Files\MQ</Filter>
    </ClInclude>
    <ClInclude Include="..\include\MessageQueue\MQListener.h">
      <Filter>Header Files\MQ</Filter>
    </ClInclude>
    <ClInclude Include="..\include\Hardware\Cpu.h">
      <Filter>Header Files\CPU</Filter>
    </ClInclude>
    <ClInclude Include="..\include\MediaDecoder\MediaDecoder.h">
      <Filter>Header Files\Decoder</Filter>
    </ClInclude>
    <ClInclude Include="..\include\MediaDecoder\MediaMixerDecoder.h">
      <Filter>Header Files\Decoder</Filter>
    </ClInclude>
    <ClInclude Include="..\include\MediaDecoder\SDK\HikvisionSDKDecoder.h">
      <Filter>Header Files\Decoder\SDK</Filter>
    </ClInclude>
    <ClInclude Include="AlarmMessage.h">
      <Filter>Header Files</Filter>
    </ClInclude>
    <ClInclude Include="..\include\Device\Hikvision\HikvisionNVR.h">
      <Filter>Header Files\Device\Hikvision</Filter>
    </ClInclude>
    <ClInclude Include="..\boost_1_67_0\libs\filesystem\src\windows_file_codecvt.hpp">
      <Filter>Source Files\boost\filesystem</Filter>
    </ClInclude>
    <ClInclude Include="Hikvision7xxxNVR.h">
      <Filter>Header Files</Filter>
    </ClInclude>
    <ClInclude Include="..\include\Stream\Livestream.h">
      <Filter>Header Files\Stream</Filter>
    </ClInclude>
    <ClInclude Include="..\include\Stream\Hikvision\HikvisionLivestream.h">
      <Filter>Header Files\Stream\Hikvision</Filter>
    </ClInclude>
    <ClInclude Include="DigitCameraLivestream.h">
      <Filter>Header Files</Filter>
    </ClInclude>
    <ClInclude Include="..\include\Stream\AVStream.h">
      <Filter>Header Files\Stream</Filter>
    </ClInclude>
    <ClInclude Include="..\include\MediaEncoder\MediaEncoder.h">
      <Filter>Header Files\Encoder</Filter>
    </ClInclude>
    <ClInclude Include="..\include\Device\Hikvision\HikvisionDevice.h">
      <Filter>Header Files\Device\Hikvision</Filter>
    </ClInclude>
    <ClInclude Include="..\include\MessageQueue\MQThread.h">
      <Filter>Header Files\MQ</Filter>
    </ClInclude>
    <ClInclude Include="..\include\MQModel\MQModel.h">
      <Filter>Header Files\MQModel</Filter>
    </ClInclude>
    <ClInclude Include="..\include\MessageQueue\MQReceiver.h">
      <Filter>Header Files\MQ</Filter>
    </ClInclude>
    <ClInclude Include="..\include\MQModel\Publisher\PublisherModel.h">
      <Filter>Header Files\MQModel\Publisher</Filter>
    </ClInclude>
    <ClInclude Include="..\include\MQModel\Transfer\TransferModel.h">
      <Filter>Header Files\MQModel\Transfer</Filter>
    </ClInclude>
    <ClInclude Include="..\include\MessageQueue\MQTransfer.h">
      <Filter>Header Files\MQ</Filter>
    </ClInclude>
    <ClInclude Include="AsynchronousServer.h">
      <Filter>Header Files</Filter>
    </ClInclude>
    <ClInclude Include="..\include\MQModel\Worker\WorkerModel.h">
      <Filter>Header Files\MQModel\Worker</Filter>
    </ClInclude>
    <ClInclude Include="..\include\MessageQueue\MQConnector.h">
      <Filter>Header Files\MQ</Filter>
    </ClInclude>
    <ClInclude Include="..\include\Arithmetic\CVAlgo.h">
      <Filter>Header Files\Arithmetic</Filter>
    </ClInclude>
    <ClInclude Include="..\include\Arithmetic\CVAlgoHelmet.h">
      <Filter>Header Files\Arithmetic</Filter>
    </ClInclude>
    <ClInclude Include="..\include\Arithmetic\CVAlgoFace.h">
      <Filter>Header Files\Arithmetic</Filter>
    </ClInclude>
    <ClInclude Include="..\include\Arithmetic\CVAlgoPhone.h">
      <Filter>Header Files\Arithmetic</Filter>
    </ClInclude>
    <ClInclude Include="..\include\Arithmetic\CVAlgoSleep.h">
      <Filter>Header Files\Arithmetic</Filter>
    </ClInclude>
    <ClInclude Include="..\include\Arithmetic\CVAlgoFight.h">
      <Filter>Header Files\Arithmetic</Filter>
    </ClInclude>
    <ClInclude Include="..\include\File\Com\ComPort.h">
      <Filter>Header Files\File\Com</Filter>
    </ClInclude>
    <ClInclude Include="..\boost_1_67_0\libs\date_time\src\gregorian\greg_names.hpp">
      <Filter>Source Files\boost\date_time\gregorian</Filter>
    </ClInclude>
    <ClInclude Include="..\include\Time\Time.h">
      <Filter>Header Files\Time</Filter>
    </ClInclude>
    <ClInclude Include="..\include\DataStruct\FIFOQueue.h">
      <Filter>Header Files\DataStruct</Filter>
    </ClInclude>
    <ClInclude Include="..\include\Stream\EnablePictureCapture.h">
      <Filter>Header Files\Stream</Filter>
    </ClInclude>
    <ClInclude Include="..\include\Device\EnableDeviceConfig.h">
      <Filter>Header Files\Device</Filter>
    </ClInclude>
    <ClInclude Include="..\include\Device\EnableDeviceLoginAndLogout.h">
      <Filter>Header Files\Device</Filter>
    </ClInclude>
    <ClInclude Include="..\include\Camera\Camera.h">
      <Filter>Header Files\Camera</Filter>
    </ClInclude>
    <ClInclude Include="..\include\MediaConverter\MediaConverter.h">
      <Filter>Header Files\Converter</Filter>
    </ClInclude>
    <ClInclude Include="..\include\MediaFrame\MediaFrame.h">
      <Filter>Header Files\Frame</Filter>
    </ClInclude>
    <ClInclude Include="..\include\MediaConverter\Hikvision\HikvisionImageConverter.h">
      <Filter>Header Files\Converter\Hikvision</Filter>
    </ClInclude>
    <ClInclude Include="..\include\MediaConverter\FFmpegConverter.h">
      <Filter>Header Files\Converter</Filter>
    </ClInclude>
    <ClInclude Include="..\include\MediaConverter\YUV420PToBGR24Converter.h">
      <Filter>Header Files\Converter</Filter>
    </ClInclude>
    <ClInclude Include="..\include\MediaConverter\YV12ToYUV420PConverter.h">
      <Filter>Header Files\Converter</Filter>
    </ClInclude>
    <ClInclude Include="..\include\MediaEncoder\FFmpegEncoder.h">
      <Filter>Header Files\Encoder</Filter>
    </ClInclude>
    <ClInclude Include="..\include\MediaEncoder\JPEG\YUV420PToJPEGEncoder.h">
      <Filter>Header Files\Encoder\JPEG</Filter>
    </ClInclude>
    <ClInclude Include="devicehost.h">
      <Filter>Header Files</Filter>
    </ClInclude>
  </ItemGroup>
</Project>