
Microsoft Visual Studio Solution File, Format Version 12.00
# Visual Studio Version 16
VisualStudioVersion = 16.0.29102.190
MinimumVisualStudioVersion = 10.0.40219.1
Project("{8BC9CEB8-8B4A-11D0-8D11-00A0C91BC942}") = "ArithmeticServer", "arithmetic-server\ArithmeticServer.vcxproj", "{94D7ED34-A168-48C7-A588-9442942A2946}"
EndProject
Project("{8BC9CEB8-8B4A-11D0-8D11-00A0C91BC942}") = "ConsoleApplication1", "ConsoleApplication1\ConsoleApplication1.vcxproj", "{E1D586FF-02D8-412B-A137-0400E22AE6E3}"
EndProject
Project("{8BC9CEB8-8B4A-11D0-8D11-00A0C91BC942}") = "MediaPlay", "MediaPlay\MediaPlay.vcxproj", "{F35AE5B8-3915-4E52-9977-B2CE80DD0CAF}"
EndProject
Project("{8BC9CEB8-8B4A-11D0-8D11-00A0C91BC942}") = "MediaPlayDemo", "MediaPlayDemo\MediaPlayDemo.vcxproj", "{F3679A7D-A9E6-4C16-A0F3-6008A3878934}"
EndProject
Project("{8BC9CEB8-8B4A-11D0-8D11-00A0C91BC942}") = "Arithmetic", "Arithmetic\Arithmetic.vcxproj", "{C6C20B3A-E6D5-4B9B-9C8A-8BFC10939D37}"
EndProject
Project("{8BC9CEB8-8B4A-11D0-8D11-00A0C91BC942}") = "JpegEncoder", "JpegEncoder\JpegEncoder.vcxproj", "{83235253-6C35-48BB-B92C-3D4C87FB30F8}"
EndProject
Global
	GlobalSection(SolutionConfigurationPlatforms) = preSolution
		Debug|x64 = Debug|x64
		Debug|x86 = Debug|x86
		Release|x64 = Release|x64
		Release|x86 = Release|x86
	EndGlobalSection
	GlobalSection(ProjectConfigurationPlatforms) = postSolution
		{94D7ED34-A168-48C7-A588-9442942A2946}.Debug|x64.ActiveCfg = Debug|x64
		{94D7ED34-A168-48C7-A588-9442942A2946}.Debug|x64.Build.0 = Debug|x64
		{94D7ED34-A168-48C7-A588-9442942A2946}.Debug|x86.ActiveCfg = Debug|Win32
		{94D7ED34-A168-48C7-A588-9442942A2946}.Debug|x86.Build.0 = Debug|Win32
		{94D7ED34-A168-48C7-A588-9442942A2946}.Release|x64.ActiveCfg = Release|x64
		{94D7ED34-A168-48C7-A588-9442942A2946}.Release|x64.Build.0 = Release|x64
		{94D7ED34-A168-48C7-A588-9442942A2946}.Release|x86.ActiveCfg = Release|Win32
		{94D7ED34-A168-48C7-A588-9442942A2946}.Release|x86.Build.0 = Release|Win32
		{E1D586FF-02D8-412B-A137-0400E22AE6E3}.Debug|x64.ActiveCfg = Debug|x64
		{E1D586FF-02D8-412B-A137-0400E22AE6E3}.Debug|x64.Build.0 = Debug|x64
		{E1D586FF-02D8-412B-A137-0400E22AE6E3}.Debug|x86.ActiveCfg = Debug|Win32
		{E1D586FF-02D8-412B-A137-0400E22AE6E3}.Debug|x86.Build.0 = Debug|Win32
		{E1D586FF-02D8-412B-A137-0400E22AE6E3}.Release|x64.ActiveCfg = Release|x64
		{E1D586FF-02D8-412B-A137-0400E22AE6E3}.Release|x64.Build.0 = Release|x64
		{E1D586FF-02D8-412B-A137-0400E22AE6E3}.Release|x86.ActiveCfg = Release|Win32
		{E1D586FF-02D8-412B-A137-0400E22AE6E3}.Release|x86.Build.0 = Release|Win32
		{F35AE5B8-3915-4E52-9977-B2CE80DD0CAF}.Debug|x64.ActiveCfg = Debug|x64
		{F35AE5B8-3915-4E52-9977-B2CE80DD0CAF}.Debug|x64.Build.0 = Debug|x64
		{F35AE5B8-3915-4E52-9977-B2CE80DD0CAF}.Debug|x86.ActiveCfg = Debug|Win32
		{F35AE5B8-3915-4E52-9977-B2CE80DD0CAF}.Debug|x86.Build.0 = Debug|Win32
		{F35AE5B8-3915-4E52-9977-B2CE80DD0CAF}.Release|x64.ActiveCfg = Release|x64
		{F35AE5B8-3915-4E52-9977-B2CE80DD0CAF}.Release|x64.Build.0 = Release|x64
		{F35AE5B8-3915-4E52-9977-B2CE80DD0CAF}.Release|x86.ActiveCfg = Release|Win32
		{F35AE5B8-3915-4E52-9977-B2CE80DD0CAF}.Release|x86.Build.0 = Release|Win32
		{F3679A7D-A9E6-4C16-A0F3-6008A3878934}.Debug|x64.ActiveCfg = Debug|x64
		{F3679A7D-A9E6-4C16-A0F3-6008A3878934}.Debug|x64.Build.0 = Debug|x64
		{F3679A7D-A9E6-4C16-A0F3-6008A3878934}.Debug|x86.ActiveCfg = Debug|Win32
		{F3679A7D-A9E6-4C16-A0F3-6008A3878934}.Debug|x86.Build.0 = Debug|Win32
		{F3679A7D-A9E6-4C16-A0F3-6008A3878934}.Release|x64.ActiveCfg = Release|x64
		{F3679A7D-A9E6-4C16-A0F3-6008A3878934}.Release|x64.Build.0 = Release|x64
		{F3679A7D-A9E6-4C16-A0F3-6008A3878934}.Release|x86.ActiveCfg = Release|Win32
		{F3679A7D-A9E6-4C16-A0F3-6008A3878934}.Release|x86.Build.0 = Release|Win32
		{C6C20B3A-E6D5-4B9B-9C8A-8BFC10939D37}.Debug|x64.ActiveCfg = Debug|x64
		{C6C20B3A-E6D5-4B9B-9C8A-8BFC10939D37}.Debug|x64.Build.0 = Debug|x64
		{C6C20B3A-E6D5-4B9B-9C8A-8BFC10939D37}.Debug|x86.ActiveCfg = Debug|Win32
		{C6C20B3A-E6D5-4B9B-9C8A-8BFC10939D37}.Debug|x86.Build.0 = Debug|Win32
		{C6C20B3A-E6D5-4B9B-9C8A-8BFC10939D37}.Release|x64.ActiveCfg = Release|x64
		{C6C20B3A-E6D5-4B9B-9C8A-8BFC10939D37}.Release|x64.Build.0 = Release|x64
		{C6C20B3A-E6D5-4B9B-9C8A-8BFC10939D37}.Release|x86.ActiveCfg = Release|Win32
		{C6C20B3A-E6D5-4B9B-9C8A-8BFC10939D37}.Release|x86.Build.0 = Release|Win32
		{83235253-6C35-48BB-B92C-3D4C87FB30F8}.Debug|x64.ActiveCfg = Debug|x64
		{83235253-6C35-48BB-B92C-3D4C87FB30F8}.Debug|x64.Build.0 = Debug|x64
		{83235253-6C35-48BB-B92C-3D4C87FB30F8}.Debug|x86.ActiveCfg = Debug|Win32
		{83235253-6C35-48BB-B92C-3D4C87FB30F8}.Debug|x86.Build.0 = Debug|Win32
		{83235253-6C35-48BB-B92C-3D4C87FB30F8}.Release|x64.ActiveCfg = Release|x64
		{83235253-6C35-48BB-B92C-3D4C87FB30F8}.Release|x64.Build.0 = Release|x64
		{83235253-6C35-48BB-B92C-3D4C87FB30F8}.Release|x86.ActiveCfg = Release|Win32
		{83235253-6C35-48BB-B92C-3D4C87FB30F8}.Release|x86.Build.0 = Release|Win32
	EndGlobalSection
	GlobalSection(SolutionProperties) = preSolution
		HideSolutionNode = FALSE
	EndGlobalSection
	GlobalSection(ExtensibilityGlobals) = postSolution
		SolutionGuid = {CD80C772-DB55-4B2F-95F0-D1D387299087}
	EndGlobalSection
EndGlobal
