<?xml version="1.0" encoding="utf-8"?>
<Project ToolsVersion="4.0" xmlns="http://schemas.microsoft.com/developer/msbuild/2003">
  <ItemGroup>
    <Filter Include="Source Files">
      <UniqueIdentifier>{4FC737F1-C7A5-4376-A066-2A32D752A2FF}</UniqueIdentifier>
      <Extensions>cpp;c;cc;cxx;def;odl;idl;hpj;bat;asm;asmx</Extensions>
    </Filter>
    <Filter Include="Header Files">
      <UniqueIdentifier>{93995380-89BD-4b04-88EB-625FBE52EBFB}</UniqueIdentifier>
      <Extensions>h;hh;hpp;hxx;hm;inl;inc;ipp;xsd</Extensions>
    </Filter>
    <Filter Include="Resource Files">
      <UniqueIdentifier>{67DA6AB6-F800-4c08-8B7A-83BB121AAD01}</UniqueIdentifier>
      <Extensions>rc;ico;cur;bmp;dlg;rc2;rct;bin;rgs;gif;jpg;jpeg;jpe;resx;tiff;tif;png;wav;mfcribbon-ms</Extensions>
    </Filter>
    <Filter Include="Header Files\Graph">
      <UniqueIdentifier>{86b165c9-50af-4107-a605-267d27f5a85c}</UniqueIdentifier>
    </Filter>
    <Filter Include="Header Files\Filter">
      <UniqueIdentifier>{eee0e333-3f9d-453c-8bab-098e022f6eb1}</UniqueIdentifier>
    </Filter>
    <Filter Include="Header Files\Pin">
      <UniqueIdentifier>{d94794dc-8500-4306-a18f-685fa9584577}</UniqueIdentifier>
    </Filter>
    <Filter Include="Source Files\Graph">
      <UniqueIdentifier>{7bc90707-5b3b-4ca8-a38f-eb9fc48bc931}</UniqueIdentifier>
    </Filter>
    <Filter Include="Source Files\Filter">
      <UniqueIdentifier>{f470efb0-76ef-4458-8e69-1bbaf33531f0}</UniqueIdentifier>
    </Filter>
    <Filter Include="Source Files\Pin">
      <UniqueIdentifier>{74da9b22-6003-4402-9b78-7651664bec2c}</UniqueIdentifier>
    </Filter>
    <Filter Include="Header Files\DataStruct">
      <UniqueIdentifier>{a63d9130-b1be-445d-b63d-c1d646a81fe5}</UniqueIdentifier>
    </Filter>
    <Filter Include="Source Files\boost">
      <UniqueIdentifier>{1d95a528-6a5d-4f58-a6e3-26db8d071333}</UniqueIdentifier>
    </Filter>
    <Filter Include="Source Files\boost\system">
      <UniqueIdentifier>{21e62b60-0326-45e8-a841-e183830fc580}</UniqueIdentifier>
    </Filter>
    <Filter Include="Source Files\boost\thread">
      <UniqueIdentifier>{226d4c6e-bc06-466e-ac51-19e9dfa739f1}</UniqueIdentifier>
    </Filter>
    <Filter Include="Header Files\Data">
      <UniqueIdentifier>{b2b828f7-fbf6-46d5-a11b-274d7613e051}</UniqueIdentifier>
    </Filter>
    <Filter Include="Source Files\Data">
      <UniqueIdentifier>{91b41f55-dfa2-4f47-bcbd-796013947931}</UniqueIdentifier>
    </Filter>
    <Filter Include="Source Files\boost\filesystem">
      <UniqueIdentifier>{7071cfde-992a-4357-8e4c-9f48f4b36ca0}</UniqueIdentifier>
    </Filter>
    <Filter Include="Header Files\Filter\Capture">
      <UniqueIdentifier>{a4bddb96-7e3c-4b7d-957f-d0c09670cfd6}</UniqueIdentifier>
    </Filter>
    <Filter Include="Source Files\Filter\Capture">
      <UniqueIdentifier>{f4fee3d5-def6-4ba6-8944-0661cf5e4469}</UniqueIdentifier>
    </Filter>
  </ItemGroup>
  <ItemGroup>
    <ClInclude Include="framework.h">
      <Filter>Header Files</Filter>
    </ClInclude>
    <ClInclude Include="pch.h">
      <Filter>Header Files</Filter>
    </ClInclude>
    <ClInclude Include="MediaPlay.h">
      <Filter>Header Files</Filter>
    </ClInclude>
    <ClInclude Include="..\include\MediaGraph\MediaGraph.h">
      <Filter>Header Files\Graph</Filter>
    </ClInclude>
    <ClInclude Include="..\include\MediaFilter\MediaFilter.h">
      <Filter>Header Files\Filter</Filter>
    </ClInclude>
    <ClInclude Include="..\include\MediaFilter\SourceMediaFilter.h">
      <Filter>Header Files\Filter</Filter>
    </ClInclude>
    <ClInclude Include="..\include\MediaFilter\TargetMediaFilter.h">
      <Filter>Header Files\Filter</Filter>
    </ClInclude>
    <ClInclude Include="..\include\MediaPin\InputMediaPin.h">
      <Filter>Header Files\Pin</Filter>
    </ClInclude>
    <ClInclude Include="..\include\MediaPin\MediaPin.h">
      <Filter>Header Files\Pin</Filter>
    </ClInclude>
    <ClInclude Include="..\include\MediaPin\OutputMediaPin.h">
      <Filter>Header Files\Pin</Filter>
    </ClInclude>
    <ClInclude Include="..\include\DataStruct\UnorderedMap.h">
      <Filter>Header Files\DataStruct</Filter>
    </ClInclude>
    <ClInclude Include="..\include\error.h">
      <Filter>Header Files</Filter>
    </ClInclude>
    <ClInclude Include="..\include\predef.h">
      <Filter>Header Files</Filter>
    </ClInclude>
    <ClInclude Include="..\include\MediaData\MediaData.h">
      <Filter>Header Files\Data</Filter>
    </ClInclude>
    <ClInclude Include="..\boost_1_67_0\libs\filesystem\src\windows_file_codecvt.hpp">
      <Filter>Source Files\boost\filesystem</Filter>
    </ClInclude>
    <ClInclude Include="..\include\MediaFilter\Capture\AVCaptureFilter.h">
      <Filter>Header Files\Filter\Capture</Filter>
    </ClInclude>
  </ItemGroup>
  <ItemGroup>
    <ClCompile Include="dllmain.cpp">
      <Filter>Source Files</Filter>
    </ClCompile>
    <ClCompile Include="pch.cpp">
      <Filter>Source Files</Filter>
    </ClCompile>
    <ClCompile Include="MediaPlay.cpp">
      <Filter>Source Files</Filter>
    </ClCompile>
    <ClCompile Include="..\source\MediaGraph\MediaGraph.cpp">
      <Filter>Source Files\Graph</Filter>
    </ClCompile>
    <ClCompile Include="..\source\MediaFilter\MediaFilter.cpp">
      <Filter>Source Files\Filter</Filter>
    </ClCompile>
    <ClCompile Include="..\source\MediaFilter\SourceMediaFilter.cpp">
      <Filter>Source Files\Filter</Filter>
    </ClCompile>
    <ClCompile Include="..\source\MediaFilter\TargetMediaFilter.cpp">
      <Filter>Source Files\Filter</Filter>
    </ClCompile>
    <ClCompile Include="..\source\MediaPin\InputMediaPin.cpp">
      <Filter>Source Files\Pin</Filter>
    </ClCompile>
    <ClCompile Include="..\source\MediaPin\MediaPin.cpp">
      <Filter>Source Files\Pin</Filter>
    </ClCompile>
    <ClCompile Include="..\source\MediaPin\OutputMediaPin.cpp">
      <Filter>Source Files\Pin</Filter>
    </ClCompile>
    <ClCompile Include="..\boost_1_67_0\libs\system\src\error_code.cpp">
      <Filter>Source Files\boost\system</Filter>
    </ClCompile>
    <ClCompile Include="..\boost_1_67_0\libs\thread\src\win32\boost_thread.cpp">
      <Filter>Source Files\boost\thread</Filter>
    </ClCompile>
    <ClCompile Include="..\boost_1_67_0\libs\thread\src\win32\thread_primitives.cpp">
      <Filter>Source Files\boost\thread</Filter>
    </ClCompile>
    <ClCompile Include="..\boost_1_67_0\libs\thread\src\win32\tss_dll.cpp">
      <Filter>Source Files\boost\thread</Filter>
    </ClCompile>
    <ClCompile Include="..\boost_1_67_0\libs\thread\src\win32\tss_pe.cpp">
      <Filter>Source Files\boost\thread</Filter>
    </ClCompile>
    <ClCompile Include="..\source\MediaData\MediaData.cpp">
      <Filter>Source Files\Data</Filter>
    </ClCompile>
    <ClCompile Include="..\boost_1_67_0\libs\filesystem\src\codecvt_error_category.cpp">
      <Filter>Source Files\boost\filesystem</Filter>
    </ClCompile>
    <ClCompile Include="..\boost_1_67_0\libs\filesystem\src\operations.cpp">
      <Filter>Source Files\boost\filesystem</Filter>
    </ClCompile>
    <ClCompile Include="..\boost_1_67_0\libs\filesystem\src\path.cpp">
      <Filter>Source Files\boost\filesystem</Filter>
    </ClCompile>
    <ClCompile Include="..\boost_1_67_0\libs\filesystem\src\path_traits.cpp">
      <Filter>Source Files\boost\filesystem</Filter>
    </ClCompile>
    <ClCompile Include="..\boost_1_67_0\libs\filesystem\src\portability.cpp">
      <Filter>Source Files\boost\filesystem</Filter>
    </ClCompile>
    <ClCompile Include="..\boost_1_67_0\libs\filesystem\src\unique_path.cpp">
      <Filter>Source Files\boost\filesystem</Filter>
    </ClCompile>
    <ClCompile Include="..\boost_1_67_0\libs\filesystem\src\utf8_codecvt_facet.cpp">
      <Filter>Source Files\boost\filesystem</Filter>
    </ClCompile>
    <ClCompile Include="..\boost_1_67_0\libs\filesystem\src\windows_file_codecvt.cpp">
      <Filter>Source Files\boost\filesystem</Filter>
    </ClCompile>
    <ClCompile Include="..\source\MediaFilter\Capture\AVCaptureFilter.cpp">
      <Filter>Source Files\Filter\Capture</Filter>
    </ClCompile>
  </ItemGroup>
</Project>