<?xml version="1.0" encoding="utf-8"?>
<Project ToolsVersion="4.0" xmlns="http://schemas.microsoft.com/developer/msbuild/2003">
  <ItemGroup>
    <Filter Include="Source Files">
      <UniqueIdentifier>{4FC737F1-C7A5-4376-A066-2A32D752A2FF}</UniqueIdentifier>
      <Extensions>cpp;c;cc;cxx;def;odl;idl;hpj;bat;asm;asmx</Extensions>
    </Filter>
    <Filter Include="Header Files">
      <UniqueIdentifier>{93995380-89BD-4b04-88EB-625FBE52EBFB}</UniqueIdentifier>
      <Extensions>h;hh;hpp;hxx;hm;inl;inc;ipp;xsd</Extensions>
    </Filter>
    <Filter Include="Resource Files">
      <UniqueIdentifier>{67DA6AB6-F800-4c08-8B7A-83BB121AAD01}</UniqueIdentifier>
      <Extensions>rc;ico;cur;bmp;dlg;rc2;rct;bin;rgs;gif;jpg;jpeg;jpe;resx;tiff;tif;png;wav;mfcribbon-ms</Extensions>
    </Filter>
    <Filter Include="Header Files\Graph">
      <UniqueIdentifier>{86b165c9-50af-4107-a605-267d27f5a85c}</UniqueIdentifier>
    </Filter>
    <Filter Include="Header Files\Filter">
      <UniqueIdentifier>{eee0e333-3f9d-453c-8bab-098e022f6eb1}</UniqueIdentifier>
    </Filter>
    <Filter Include="Header Files\Pin">
      <UniqueIdentifier>{d94794dc-8500-4306-a18f-685fa9584577}</UniqueIdentifier>
    </Filter>
    <Filter Include="Source Files\Graph">
      <UniqueIdentifier>{7bc90707-5b3b-4ca8-a38f-eb9fc48bc931}</UniqueIdentifier>
    </Filter>
    <Filter Include="Source Files\Filter">
      <UniqueIdentifier>{f470efb0-76ef-4458-8e69-1bbaf33531f0}</UniqueIdentifier>
    </Filter>
    <Filter Include="Source Files\Pin">
      <UniqueIdentifier>{74da9b22-6003-4402-9b78-7651664bec2c}</UniqueIdentifier>
    </Filter>
    <Filter Include="Header Files\Filter\Controller">
      <UniqueIdentifier>{23aa5f42-e5b4-45e1-a599-58c97e12fd76}</UniqueIdentifier>
    </Filter>
    <Filter Include="Header Files\Filter\Decoder">
      <UniqueIdentifier>{68014ffc-6c51-49da-a81a-bbf7341cff28}</UniqueIdentifier>
    </Filter>
    <Filter Include="Header Files\Filter\Renderer">
      <UniqueIdentifier>{8e58e87f-702b-403a-8751-d2668e75e891}</UniqueIdentifier>
    </Filter>
    <Filter Include="Source Files\Filter\Controller">
      <UniqueIdentifier>{bc7100c9-6bb9-4e87-9e91-b8113af7e65a}</UniqueIdentifier>
    </Filter>
    <Filter Include="Source Files\Filter\Decoder">
      <UniqueIdentifier>{7acce6a6-c7bd-466f-8a6a-94c0796aa94c}</UniqueIdentifier>
    </Filter>
    <Filter Include="Source Files\Filter\Renderer">
      <UniqueIdentifier>{0717ae88-7eef-4a0f-8cd8-e6dfa002bb30}</UniqueIdentifier>
    </Filter>
    <Filter Include="Header Files\DataStruct">
      <UniqueIdentifier>{a63d9130-b1be-445d-b63d-c1d646a81fe5}</UniqueIdentifier>
    </Filter>
    <Filter Include="Source Files\boost">
      <UniqueIdentifier>{1d95a528-6a5d-4f58-a6e3-26db8d071333}</UniqueIdentifier>
    </Filter>
    <Filter Include="Source Files\boost\system">
      <UniqueIdentifier>{21e62b60-0326-45e8-a841-e183830fc580}</UniqueIdentifier>
    </Filter>
    <Filter Include="Source Files\boost\thread">
      <UniqueIdentifier>{226d4c6e-bc06-466e-ac51-19e9dfa739f1}</UniqueIdentifier>
    </Filter>
    <Filter Include="Header Files\Data">
      <UniqueIdentifier>{b2b828f7-fbf6-46d5-a11b-274d7613e051}</UniqueIdentifier>
    </Filter>
    <Filter Include="Source Files\Data">
      <UniqueIdentifier>{91b41f55-dfa2-4f47-bcbd-796013947931}</UniqueIdentifier>
    </Filter>
    <Filter Include="Source Files\boost\filesystem">
      <UniqueIdentifier>{7071cfde-992a-4357-8e4c-9f48f4b36ca0}</UniqueIdentifier>
    </Filter>
    <Filter Include="Header Files\Filter\Callback">
      <UniqueIdentifier>{b01f9aa8-3e03-42ec-a2ad-c49e7d285330}</UniqueIdentifier>
    </Filter>
    <Filter Include="Source Files\Filter\Callback">
      <UniqueIdentifier>{a2b2da77-a58b-4fba-b90e-3c802e86505c}</UniqueIdentifier>
    </Filter>
    <Filter Include="Header Files\Filter\Capture">
      <UniqueIdentifier>{0a07ef32-4767-4b75-91d1-11dd4fa7109a}</UniqueIdentifier>
    </Filter>
    <Filter Include="Source Files\Filter\Capture">
      <UniqueIdentifier>{68c6c0d6-be64-4c72-a868-3f3e8112cab4}</UniqueIdentifier>
    </Filter>
    <Filter Include="Header Files\Device">
      <UniqueIdentifier>{b8a9a3ed-cc0d-4463-80c4-ee5552150579}</UniqueIdentifier>
    </Filter>
    <Filter Include="Source Files\Device">
      <UniqueIdentifier>{83df9ea7-3380-4521-81a8-f008880c0f2d}</UniqueIdentifier>
    </Filter>
    <Filter Include="Header Files\Device\Hikvision">
      <UniqueIdentifier>{57890973-fc3b-4fe3-8596-049cdff08931}</UniqueIdentifier>
    </Filter>
    <Filter Include="Source Files\Device\Hikvision">
      <UniqueIdentifier>{2ae50514-35f9-4ad7-8b49-489e2522fe00}</UniqueIdentifier>
    </Filter>
    <Filter Include="Header Files\Url">
      <UniqueIdentifier>{15079fed-cbc5-484d-8ec3-fe5dfdc5e0a6}</UniqueIdentifier>
    </Filter>
    <Filter Include="Source Files\Url">
      <UniqueIdentifier>{c1b065a0-02b2-41b5-b6d0-35cc832b5a5f}</UniqueIdentifier>
    </Filter>
    <Filter Include="Header Files\Module">
      <UniqueIdentifier>{a775347e-fd58-46ed-a04b-e007d374d535}</UniqueIdentifier>
    </Filter>
    <Filter Include="Source Files\Module">
      <UniqueIdentifier>{c67e20cb-daf3-47bf-b299-c72f0bbfa6bb}</UniqueIdentifier>
    </Filter>
    <Filter Include="Header Files\Module\Capture">
      <UniqueIdentifier>{bfe5b05a-ee2c-4448-a6ae-c048d2db7762}</UniqueIdentifier>
    </Filter>
    <Filter Include="Header Files\Module\Capture\FFmpeg">
      <UniqueIdentifier>{b95ab4a4-e863-4c7b-808f-db2cf6f4be64}</UniqueIdentifier>
    </Filter>
    <Filter Include="Source Files\Module\Capture">
      <UniqueIdentifier>{dc1fdba8-302d-4125-96f3-90bb41d96f63}</UniqueIdentifier>
    </Filter>
    <Filter Include="Source Files\Module\Capture\FFmpeg">
      <UniqueIdentifier>{880d54e1-5cfb-4e80-a802-b1e89227eb49}</UniqueIdentifier>
    </Filter>
    <Filter Include="Header Files\Module\Capture\Hikvision">
      <UniqueIdentifier>{b55f4963-2221-48d2-9cf9-b82be393b41f}</UniqueIdentifier>
    </Filter>
    <Filter Include="Source Files\Module\Capture\Hikvision">
      <UniqueIdentifier>{41ec9447-f5fa-4cdb-846f-38c8e87c6247}</UniqueIdentifier>
    </Filter>
    <Filter Include="Header Files\Module\Converter">
      <UniqueIdentifier>{12b53d6f-f8e4-4b03-b59e-069e49b50824}</UniqueIdentifier>
    </Filter>
    <Filter Include="Source Files\Module\Converter">
      <UniqueIdentifier>{bec345bb-da10-4393-a046-62a1d9abcbd8}</UniqueIdentifier>
    </Filter>
    <Filter Include="Header Files\Filter\Converter">
      <UniqueIdentifier>{4ef76abc-578e-4f01-8117-3da849df8c26}</UniqueIdentifier>
    </Filter>
    <Filter Include="Source Files\Filter\Converter">
      <UniqueIdentifier>{43a4e011-d5a5-471b-bc8f-da906d58d7c4}</UniqueIdentifier>
    </Filter>
    <Filter Include="Header Files\Module\Renderer">
      <UniqueIdentifier>{2f277327-600b-4cdd-9b78-1992effac500}</UniqueIdentifier>
    </Filter>
    <Filter Include="Source Files\Module\Renderer">
      <UniqueIdentifier>{d179b2c0-b865-4b25-bc65-8c9b72bbcece}</UniqueIdentifier>
    </Filter>
    <Filter Include="Header Files\Module\Renderer\D3d">
      <UniqueIdentifier>{32c5fe23-f25b-40e1-a6f2-89b436ff68e4}</UniqueIdentifier>
    </Filter>
    <Filter Include="Header Files\Module\Decoder">
      <UniqueIdentifier>{afc04f76-5006-40ac-9c56-98050237acdd}</UniqueIdentifier>
    </Filter>
    <Filter Include="Header Files\Module\Decoder\FFmpeg">
      <UniqueIdentifier>{07a81f5d-2b7c-4b35-a247-5b23000699f6}</UniqueIdentifier>
    </Filter>
    <Filter Include="Header Files\Module\Decoder\SDK">
      <UniqueIdentifier>{5ecca261-f526-4bb3-8fed-2f441ff13cb1}</UniqueIdentifier>
    </Filter>
    <Filter Include="Source Files\Module\Decoder">
      <UniqueIdentifier>{b4cab358-3430-42b0-89ef-5615839222ae}</UniqueIdentifier>
    </Filter>
    <Filter Include="Source Files\Module\Decoder\FFmpeg">
      <UniqueIdentifier>{389bac5b-eede-4cd7-81b4-fb9bbb5fd330}</UniqueIdentifier>
    </Filter>
    <Filter Include="Source Files\Module\Decoder\SDK">
      <UniqueIdentifier>{d7306291-298a-4c65-ad0c-257a1dbedfc5}</UniqueIdentifier>
    </Filter>
  </ItemGroup>
  <ItemGroup>
    <ClInclude Include="framework.h">
      <Filter>Header Files</Filter>
    </ClInclude>
    <ClInclude Include="pch.h">
      <Filter>Header Files</Filter>
    </ClInclude>
    <ClInclude Include="MediaPlay.h">
      <Filter>Header Files</Filter>
    </ClInclude>
    <ClInclude Include="..\include\MediaGraph\MediaGraph.h">
      <Filter>Header Files\Graph</Filter>
    </ClInclude>
    <ClInclude Include="..\include\MediaFilter\MediaFilter.h">
      <Filter>Header Files\Filter</Filter>
    </ClInclude>
    <ClInclude Include="..\include\MediaFilter\SourceMediaFilter.h">
      <Filter>Header Files\Filter</Filter>
    </ClInclude>
    <ClInclude Include="..\include\MediaFilter\TargetMediaFilter.h">
      <Filter>Header Files\Filter</Filter>
    </ClInclude>
    <ClInclude Include="..\include\MediaFilter\Controller\AVPlayControllerFilter.h">
      <Filter>Header Files\Filter\Controller</Filter>
    </ClInclude>
    <ClInclude Include="..\include\MediaFilter\Decoder\AVDecoderFilter.h">
      <Filter>Header Files\Filter\Decoder</Filter>
    </ClInclude>
    <ClInclude Include="..\include\MediaFilter\Renderer\AVRendererFilter.h">
      <Filter>Header Files\Filter\Renderer</Filter>
    </ClInclude>
    <ClInclude Include="..\include\MediaPin\InputMediaPin.h">
      <Filter>Header Files\Pin</Filter>
    </ClInclude>
    <ClInclude Include="..\include\MediaPin\MediaPin.h">
      <Filter>Header Files\Pin</Filter>
    </ClInclude>
    <ClInclude Include="..\include\MediaPin\OutputMediaPin.h">
      <Filter>Header Files\Pin</Filter>
    </ClInclude>
    <ClInclude Include="..\include\DataStruct\UnorderedMap.h">
      <Filter>Header Files\DataStruct</Filter>
    </ClInclude>
    <ClInclude Include="..\include\error.h">
      <Filter>Header Files</Filter>
    </ClInclude>
    <ClInclude Include="..\include\predef.h">
      <Filter>Header Files</Filter>
    </ClInclude>
    <ClInclude Include="..\include\MediaData\MediaData.h">
      <Filter>Header Files\Data</Filter>
    </ClInclude>
    <ClInclude Include="..\boost_1_67_0\libs\filesystem\src\windows_file_codecvt.hpp">
      <Filter>Source Files\boost\filesystem</Filter>
    </ClInclude>
    <ClInclude Include="..\include\MediaFilter\Callback\AVDataCallbackFilter.h">
      <Filter>Header Files\Filter\Callback</Filter>
    </ClInclude>
    <ClInclude Include="..\include\MediaFilter\Capture\AVCaptureFilter.h">
      <Filter>Header Files\Filter\Capture</Filter>
    </ClInclude>
    <ClInclude Include="..\include\MediaDevice\MediaDevice.h">
      <Filter>Header Files\Device</Filter>
    </ClInclude>
    <ClInclude Include="..\include\MediaDevice\Hikvision\HikvisionDevice.h">
      <Filter>Header Files\Device\Hikvision</Filter>
    </ClInclude>
    <ClInclude Include="..\include\MediaDevice\EnableDeviceLoginAndLogout.h">
      <Filter>Header Files\Device</Filter>
    </ClInclude>
    <ClInclude Include="..\include\Url\Url.h">
      <Filter>Header Files\Url</Filter>
    </ClInclude>
    <ClInclude Include="..\include\MediaModule\Capture\FFmpeg\FFmpegLocalFileDemuxer.h">
      <Filter>Header Files\Module\Capture\FFmpeg</Filter>
    </ClInclude>
    <ClInclude Include="..\include\MediaModule\Capture\Hikvision\HikvisionSDKCapture.h">
      <Filter>Header Files\Module\Capture\Hikvision</Filter>
    </ClInclude>
    <ClInclude Include="..\include\MediaModule\MediaModule.h">
      <Filter>Header Files\Module</Filter>
    </ClInclude>
    <ClInclude Include="..\include\MediaModule\Capture\MediaCapture.h">
      <Filter>Header Files\Module\Capture</Filter>
    </ClInclude>
    <ClInclude Include="..\include\MediaModule\Converter\MediaConverter.h">
      <Filter>Header Files\Module\Converter</Filter>
    </ClInclude>
    <ClInclude Include="..\include\MediaModule\Converter\Nv12toYuv420pConverter.h">
      <Filter>Header Files\Module\Converter</Filter>
    </ClInclude>
    <ClInclude Include="..\include\MediaModule\Converter\Yv12toYuv420pConverter.h">
      <Filter>Header Files\Module\Converter</Filter>
    </ClInclude>
    <ClInclude Include="..\include\MediaFilter\Converter\AVConverterFilter.h">
      <Filter>Header Files\Filter\Converter</Filter>
    </ClInclude>
    <ClInclude Include="..\include\MediaModule\Renderer\D3D\VideoD3DRenderer.h">
      <Filter>Header Files\Module\Renderer\D3d</Filter>
    </ClInclude>
    <ClInclude Include="..\include\MediaModule\Renderer\D3D\D3D\D3D.h">
      <Filter>Header Files\Module\Renderer\D3d</Filter>
    </ClInclude>
    <ClInclude Include="..\include\MediaModule\Renderer\D3D\D3D\D3DDevice.h">
      <Filter>Header Files\Module\Renderer\D3d</Filter>
    </ClInclude>
    <ClInclude Include="..\include\MediaModule\Renderer\D3D\D3D\D3DDisplay.h">
      <Filter>Header Files\Module\Renderer\D3d</Filter>
    </ClInclude>
    <ClInclude Include="..\include\MediaModule\Renderer\D3D\D3D\D3DFont.h">
      <Filter>Header Files\Module\Renderer\D3d</Filter>
    </ClInclude>
    <ClInclude Include="..\include\MediaModule\Renderer\D3D\D3D\D3DPixelShader.h">
      <Filter>Header Files\Module\Renderer\D3d</Filter>
    </ClInclude>
    <ClInclude Include="..\include\MediaModule\Renderer\D3D\D3D\D3DTexture.h">
      <Filter>Header Files\Module\Renderer\D3d</Filter>
    </ClInclude>
    <ClInclude Include="..\include\MediaModule\Renderer\D3D\D3D\D3DVertexBuffer.h">
      <Filter>Header Files\Module\Renderer\D3d</Filter>
    </ClInclude>
    <ClInclude Include="..\include\MediaModule\Decoder\FFmpeg\FFmpegAudioDecoder.h">
      <Filter>Header Files\Module\Decoder\FFmpeg</Filter>
    </ClInclude>
    <ClInclude Include="..\include\MediaModule\Decoder\FFmpeg\FFmpegVideoDecoder.h">
      <Filter>Header Files\Module\Decoder\FFmpeg</Filter>
    </ClInclude>
    <ClInclude Include="..\include\MediaModule\Decoder\SDK\HikvisionSDKDecoder.h">
      <Filter>Header Files\Module\Decoder\SDK</Filter>
    </ClInclude>
  </ItemGroup>
  <ItemGroup>
    <ClCompile Include="dllmain.cpp">
      <Filter>Source Files</Filter>
    </ClCompile>
    <ClCompile Include="pch.cpp">
      <Filter>Source Files</Filter>
    </ClCompile>
    <ClCompile Include="MediaPlay.cpp">
      <Filter>Source Files</Filter>
    </ClCompile>
    <ClCompile Include="..\source\MediaGraph\MediaGraph.cpp">
      <Filter>Source Files\Graph</Filter>
    </ClCompile>
    <ClCompile Include="..\source\MediaFilter\MediaFilter.cpp">
      <Filter>Source Files\Filter</Filter>
    </ClCompile>
    <ClCompile Include="..\source\MediaFilter\SourceMediaFilter.cpp">
      <Filter>Source Files\Filter</Filter>
    </ClCompile>
    <ClCompile Include="..\source\MediaFilter\TargetMediaFilter.cpp">
      <Filter>Source Files\Filter</Filter>
    </ClCompile>
    <ClCompile Include="..\source\MediaFilter\Controller\AVPlayControllerFilter.cpp">
      <Filter>Source Files\Filter\Controller</Filter>
    </ClCompile>
    <ClCompile Include="..\source\MediaFilter\Decoder\AVDecoderFilter.cpp">
      <Filter>Source Files\Filter\Decoder</Filter>
    </ClCompile>
    <ClCompile Include="..\source\MediaFilter\Renderer\AVRendererFilter.cpp">
      <Filter>Source Files\Filter\Renderer</Filter>
    </ClCompile>
    <ClCompile Include="..\source\MediaPin\InputMediaPin.cpp">
      <Filter>Source Files\Pin</Filter>
    </ClCompile>
    <ClCompile Include="..\source\MediaPin\MediaPin.cpp">
      <Filter>Source Files\Pin</Filter>
    </ClCompile>
    <ClCompile Include="..\source\MediaPin\OutputMediaPin.cpp">
      <Filter>Source Files\Pin</Filter>
    </ClCompile>
    <ClCompile Include="..\boost_1_67_0\libs\system\src\error_code.cpp">
      <Filter>Source Files\boost\system</Filter>
    </ClCompile>
    <ClCompile Include="..\boost_1_67_0\libs\thread\src\win32\boost_thread.cpp">
      <Filter>Source Files\boost\thread</Filter>
    </ClCompile>
    <ClCompile Include="..\boost_1_67_0\libs\thread\src\win32\thread_primitives.cpp">
      <Filter>Source Files\boost\thread</Filter>
    </ClCompile>
    <ClCompile Include="..\boost_1_67_0\libs\thread\src\win32\tss_dll.cpp">
      <Filter>Source Files\boost\thread</Filter>
    </ClCompile>
    <ClCompile Include="..\boost_1_67_0\libs\thread\src\win32\tss_pe.cpp">
      <Filter>Source Files\boost\thread</Filter>
    </ClCompile>
    <ClCompile Include="..\source\MediaData\MediaData.cpp">
      <Filter>Source Files\Data</Filter>
    </ClCompile>
    <ClCompile Include="..\boost_1_67_0\libs\filesystem\src\codecvt_error_category.cpp">
      <Filter>Source Files\boost\filesystem</Filter>
    </ClCompile>
    <ClCompile Include="..\boost_1_67_0\libs\filesystem\src\operations.cpp">
      <Filter>Source Files\boost\filesystem</Filter>
    </ClCompile>
    <ClCompile Include="..\boost_1_67_0\libs\filesystem\src\path.cpp">
      <Filter>Source Files\boost\filesystem</Filter>
    </ClCompile>
    <ClCompile Include="..\boost_1_67_0\libs\filesystem\src\path_traits.cpp">
      <Filter>Source Files\boost\filesystem</Filter>
    </ClCompile>
    <ClCompile Include="..\boost_1_67_0\libs\filesystem\src\portability.cpp">
      <Filter>Source Files\boost\filesystem</Filter>
    </ClCompile>
    <ClCompile Include="..\boost_1_67_0\libs\filesystem\src\unique_path.cpp">
      <Filter>Source Files\boost\filesystem</Filter>
    </ClCompile>
    <ClCompile Include="..\boost_1_67_0\libs\filesystem\src\utf8_codecvt_facet.cpp">
      <Filter>Source Files\boost\filesystem</Filter>
    </ClCompile>
    <ClCompile Include="..\boost_1_67_0\libs\filesystem\src\windows_file_codecvt.cpp">
      <Filter>Source Files\boost\filesystem</Filter>
    </ClCompile>
    <ClCompile Include="..\source\MediaFilter\Callback\AVDataCallbackFilter.cpp">
      <Filter>Source Files\Filter\Callback</Filter>
    </ClCompile>
    <ClCompile Include="..\source\MediaFilter\Capture\AVCaptureFilter.cpp">
      <Filter>Source Files\Filter\Capture</Filter>
    </ClCompile>
    <ClCompile Include="..\source\MediaDevice\MediaDevice.cpp">
      <Filter>Source Files\Device</Filter>
    </ClCompile>
    <ClCompile Include="..\source\MediaDevice\Hikvision\HikvisionDevice.cpp">
      <Filter>Source Files\Device\Hikvision</Filter>
    </ClCompile>
    <ClCompile Include="..\source\Url\Url.cpp">
      <Filter>Source Files\Url</Filter>
    </ClCompile>
    <ClCompile Include="..\source\MediaModule\MediaModule.cpp">
      <Filter>Source Files\Module</Filter>
    </ClCompile>
    <ClCompile Include="..\source\MediaModule\Capture\FFmpeg\FFmpegLocalFileDemuxer.cpp">
      <Filter>Source Files\Module\Capture\FFmpeg</Filter>
    </ClCompile>
    <ClCompile Include="..\source\MediaModule\Capture\Hikvision\HikvisionSDKCapture.cpp">
      <Filter>Source Files\Module\Capture\Hikvision</Filter>
    </ClCompile>
    <ClCompile Include="..\source\MediaModule\Converter\Nv12toYuv420pConverter.cpp">
      <Filter>Source Files\Module\Converter</Filter>
    </ClCompile>
    <ClCompile Include="..\source\MediaModule\Converter\Yv12toYuv420pConverter.cpp">
      <Filter>Source Files\Module\Converter</Filter>
    </ClCompile>
    <ClCompile Include="..\source\MediaFilter\Converter\AVConverterFilter.cpp">
      <Filter>Source Files\Filter\Converter</Filter>
    </ClCompile>
    <ClCompile Include="..\include\MediaModule\Capture\MediaCapture.cpp">
      <Filter>Source Files</Filter>
    </ClCompile>
    <ClCompile Include="..\source\MediaModule\Renderer\D3D\VideoD3DRenderer.cpp">
      <Filter>Source Files\Module\Renderer</Filter>
    </ClCompile>
    <ClCompile Include="..\source\MediaModule\Renderer\D3D\D3D\D3D.cpp">
      <Filter>Source Files\Module\Renderer</Filter>
    </ClCompile>
    <ClCompile Include="..\source\MediaModule\Renderer\D3D\D3D\D3DDevice.cpp">
      <Filter>Source Files\Module\Renderer</Filter>
    </ClCompile>
    <ClCompile Include="..\source\MediaModule\Renderer\D3D\D3D\D3DDisplay.cpp">
      <Filter>Source Files\Module\Renderer</Filter>
    </ClCompile>
    <ClCompile Include="..\source\MediaModule\Renderer\D3D\D3D\D3DFont.cpp">
      <Filter>Source Files\Module\Renderer</Filter>
    </ClCompile>
    <ClCompile Include="..\source\MediaModule\Renderer\D3D\D3D\D3DPixelShader.cpp">
      <Filter>Source Files\Module\Renderer</Filter>
    </ClCompile>
    <ClCompile Include="..\source\MediaModule\Renderer\D3D\D3D\D3DTexture.cpp">
      <Filter>Source Files\Module\Renderer</Filter>
    </ClCompile>
    <ClCompile Include="..\source\MediaModule\Renderer\D3D\D3D\D3DVertexBuffer.cpp">
      <Filter>Source Files\Module\Renderer</Filter>
    </ClCompile>
    <ClCompile Include="..\source\MediaModule\Decoder\FFmpeg\FFmpegAudioDecoder.cpp">
      <Filter>Source Files\Module\Decoder\FFmpeg</Filter>
    </ClCompile>
    <ClCompile Include="..\source\MediaModule\Decoder\FFmpeg\FFmpegVideoDecoder.cpp">
      <Filter>Source Files\Module\Decoder\FFmpeg</Filter>
    </ClCompile>
    <ClCompile Include="..\source\MediaModule\Decoder\SDK\HikvisionSDKDecoder.cpp">
      <Filter>Source Files\Module\Decoder\SDK</Filter>
    </ClCompile>
  </ItemGroup>
</Project>