<?xml version="1.0" encoding="utf-8"?>
<Project ToolsVersion="4.0" xmlns="http://schemas.microsoft.com/developer/msbuild/2003">
  <ItemGroup>
    <Filter Include="Source Files">
      <UniqueIdentifier>{4FC737F1-C7A5-4376-A066-2A32D752A2FF}</UniqueIdentifier>
      <Extensions>cpp;c;cc;cxx;def;odl;idl;hpj;bat;asm;asmx</Extensions>
    </Filter>
    <Filter Include="Header Files">
      <UniqueIdentifier>{93995380-89BD-4b04-88EB-625FBE52EBFB}</UniqueIdentifier>
      <Extensions>h;hh;hpp;hxx;hm;inl;inc;ipp;xsd</Extensions>
    </Filter>
    <Filter Include="Resource Files">
      <UniqueIdentifier>{67DA6AB6-F800-4c08-8B7A-83BB121AAD01}</UniqueIdentifier>
      <Extensions>rc;ico;cur;bmp;dlg;rc2;rct;bin;rgs;gif;jpg;jpeg;jpe;resx;tiff;tif;png;wav;mfcribbon-ms</Extensions>
    </Filter>
    <Filter Include="Header Files\Graph">
      <UniqueIdentifier>{86b165c9-50af-4107-a605-267d27f5a85c}</UniqueIdentifier>
    </Filter>
    <Filter Include="Header Files\Filter">
      <UniqueIdentifier>{eee0e333-3f9d-453c-8bab-098e022f6eb1}</UniqueIdentifier>
    </Filter>
    <Filter Include="Header Files\Pin">
      <UniqueIdentifier>{d94794dc-8500-4306-a18f-685fa9584577}</UniqueIdentifier>
    </Filter>
    <Filter Include="Source Files\Graph">
      <UniqueIdentifier>{7bc90707-5b3b-4ca8-a38f-eb9fc48bc931}</UniqueIdentifier>
    </Filter>
    <Filter Include="Source Files\Filter">
      <UniqueIdentifier>{f470efb0-76ef-4458-8e69-1bbaf33531f0}</UniqueIdentifier>
    </Filter>
    <Filter Include="Source Files\Pin">
      <UniqueIdentifier>{74da9b22-6003-4402-9b78-7651664bec2c}</UniqueIdentifier>
    </Filter>
    <Filter Include="Header Files\Filter\Demuxer">
      <UniqueIdentifier>{cd6823cc-4f61-4542-9154-8d614454e85a}</UniqueIdentifier>
    </Filter>
    <Filter Include="Header Files\Filter\Controller">
      <UniqueIdentifier>{23aa5f42-e5b4-45e1-a599-58c97e12fd76}</UniqueIdentifier>
    </Filter>
    <Filter Include="Header Files\Filter\Decoder">
      <UniqueIdentifier>{68014ffc-6c51-49da-a81a-bbf7341cff28}</UniqueIdentifier>
    </Filter>
    <Filter Include="Header Files\Filter\Renderer">
      <UniqueIdentifier>{8e58e87f-702b-403a-8751-d2668e75e891}</UniqueIdentifier>
    </Filter>
    <Filter Include="Source Files\Filter\Controller">
      <UniqueIdentifier>{bc7100c9-6bb9-4e87-9e91-b8113af7e65a}</UniqueIdentifier>
    </Filter>
    <Filter Include="Source Files\Filter\Decoder">
      <UniqueIdentifier>{7acce6a6-c7bd-466f-8a6a-94c0796aa94c}</UniqueIdentifier>
    </Filter>
    <Filter Include="Source Files\Filter\Renderer">
      <UniqueIdentifier>{0717ae88-7eef-4a0f-8cd8-e6dfa002bb30}</UniqueIdentifier>
    </Filter>
    <Filter Include="Header Files\DataStruct">
      <UniqueIdentifier>{a63d9130-b1be-445d-b63d-c1d646a81fe5}</UniqueIdentifier>
    </Filter>
    <Filter Include="Source Files\boost">
      <UniqueIdentifier>{1d95a528-6a5d-4f58-a6e3-26db8d071333}</UniqueIdentifier>
    </Filter>
    <Filter Include="Source Files\boost\system">
      <UniqueIdentifier>{21e62b60-0326-45e8-a841-e183830fc580}</UniqueIdentifier>
    </Filter>
    <Filter Include="Source Files\boost\thread">
      <UniqueIdentifier>{226d4c6e-bc06-466e-ac51-19e9dfa739f1}</UniqueIdentifier>
    </Filter>
    <Filter Include="Header Files\Model">
      <UniqueIdentifier>{e0f79c13-2497-4b8d-90ed-1b75a70f10cc}</UniqueIdentifier>
    </Filter>
    <Filter Include="Header Files\Model\Demuxer">
      <UniqueIdentifier>{2956b1ce-9de2-4a99-88b5-6d53fd9784c1}</UniqueIdentifier>
    </Filter>
    <Filter Include="Header Files\Model\Decoder">
      <UniqueIdentifier>{410bf5da-244e-4245-818c-6cbe9646a1b1}</UniqueIdentifier>
    </Filter>
    <Filter Include="Source Files\Model">
      <UniqueIdentifier>{de90c381-5566-42a7-920a-9ba7490afe4b}</UniqueIdentifier>
    </Filter>
    <Filter Include="Source Files\Model\Demuxer">
      <UniqueIdentifier>{a79a9e22-845e-49df-adbe-9b12d4eb9878}</UniqueIdentifier>
    </Filter>
    <Filter Include="Source Files\Model\Decoder">
      <UniqueIdentifier>{68e8d437-5155-456e-aed5-b9b611f68ac8}</UniqueIdentifier>
    </Filter>
    <Filter Include="Header Files\Model\Demuxer\FFmpeg">
      <UniqueIdentifier>{93891628-9d9c-40f1-a264-f5224aa7e9ff}</UniqueIdentifier>
    </Filter>
    <Filter Include="Header Files\Model\Decoder\FFmpeg">
      <UniqueIdentifier>{cc5ac746-01a0-4cda-bdaa-797ab133d6a0}</UniqueIdentifier>
    </Filter>
    <Filter Include="Source Files\Model\Demuxer\FFmpeg">
      <UniqueIdentifier>{bc00d6f5-b741-44da-9179-d57cd6860284}</UniqueIdentifier>
    </Filter>
    <Filter Include="Source Files\Model\Decoder\FFmpeg">
      <UniqueIdentifier>{09d7caa0-6df6-4885-b670-b1aad89bef35}</UniqueIdentifier>
    </Filter>
    <Filter Include="Header Files\Data">
      <UniqueIdentifier>{b2b828f7-fbf6-46d5-a11b-274d7613e051}</UniqueIdentifier>
    </Filter>
    <Filter Include="Source Files\Data">
      <UniqueIdentifier>{91b41f55-dfa2-4f47-bcbd-796013947931}</UniqueIdentifier>
    </Filter>
    <Filter Include="Source Files\boost\filesystem">
      <UniqueIdentifier>{7071cfde-992a-4357-8e4c-9f48f4b36ca0}</UniqueIdentifier>
    </Filter>
    <Filter Include="Header Files\Filter\Formatter">
      <UniqueIdentifier>{606677ad-dbf7-4aca-80fa-ddf3aeb5140a}</UniqueIdentifier>
    </Filter>
    <Filter Include="Source Files\Filter\Formatter">
      <UniqueIdentifier>{85369717-dc29-43b2-9285-be7aa4cffdae}</UniqueIdentifier>
    </Filter>
    <Filter Include="Source Files\Filter\Decoder\SDK">
      <UniqueIdentifier>{87763438-9577-476c-86ff-ea60e6ea25d9}</UniqueIdentifier>
    </Filter>
    <Filter Include="Source Files\Graph\FFmpeg">
      <UniqueIdentifier>{cea02db7-9384-4213-9db8-5bff1b925b0c}</UniqueIdentifier>
    </Filter>
    <Filter Include="Header Files\Graph\FFmpeg">
      <UniqueIdentifier>{a632eef8-a52f-40dc-b003-2c46b49a43a9}</UniqueIdentifier>
    </Filter>
    <Filter Include="Header Files\Filter\Callback">
      <UniqueIdentifier>{b01f9aa8-3e03-42ec-a2ad-c49e7d285330}</UniqueIdentifier>
    </Filter>
    <Filter Include="Source Files\Filter\Callback">
      <UniqueIdentifier>{a2b2da77-a58b-4fba-b90e-3c802e86505c}</UniqueIdentifier>
    </Filter>
    <Filter Include="Source Files\Filter\Demuxer">
      <UniqueIdentifier>{1ad1ee21-9ce0-4f09-b3c7-d9aa30b7ab25}</UniqueIdentifier>
    </Filter>
    <Filter Include="Header Files\Model\Renderer">
      <UniqueIdentifier>{bf84b857-99a2-4aa8-87ad-9b0078dfb30f}</UniqueIdentifier>
    </Filter>
    <Filter Include="Header Files\Model\Renderer\D3D">
      <UniqueIdentifier>{9c3422bd-9e6b-4fba-8d70-50c9c9522377}</UniqueIdentifier>
    </Filter>
    <Filter Include="Header Files\Model\Renderer\D3D\D3D">
      <UniqueIdentifier>{082b0ed7-a433-4f6a-a9dd-1cecd896042b}</UniqueIdentifier>
    </Filter>
    <Filter Include="Source Files\Model\Renderer">
      <UniqueIdentifier>{95c0dc1b-4b0b-42a5-9d54-2726ae30b389}</UniqueIdentifier>
    </Filter>
    <Filter Include="Source Files\Model\Renderer\D3D">
      <UniqueIdentifier>{d0d29ba3-7169-4647-9691-d15cf39be370}</UniqueIdentifier>
    </Filter>
    <Filter Include="Source Files\Model\Renderer\D3D\D3D">
      <UniqueIdentifier>{b0ccd5f0-00a8-4e1f-a3e0-067438d5bb89}</UniqueIdentifier>
    </Filter>
  </ItemGroup>
  <ItemGroup>
    <ClInclude Include="framework.h">
      <Filter>Header Files</Filter>
    </ClInclude>
    <ClInclude Include="pch.h">
      <Filter>Header Files</Filter>
    </ClInclude>
    <ClInclude Include="MediaPlay.h">
      <Filter>Header Files</Filter>
    </ClInclude>
    <ClInclude Include="..\include\MediaGraph\MediaGraph.h">
      <Filter>Header Files\Graph</Filter>
    </ClInclude>
    <ClInclude Include="..\include\MediaFilter\MediaFilter.h">
      <Filter>Header Files\Filter</Filter>
    </ClInclude>
    <ClInclude Include="..\include\MediaFilter\SourceMediaFilter.h">
      <Filter>Header Files\Filter</Filter>
    </ClInclude>
    <ClInclude Include="..\include\MediaFilter\TargetMediaFilter.h">
      <Filter>Header Files\Filter</Filter>
    </ClInclude>
    <ClInclude Include="..\include\MediaFilter\Demuxer\AVDemuxerFilter.h">
      <Filter>Header Files\Filter\Demuxer</Filter>
    </ClInclude>
    <ClInclude Include="..\include\MediaFilter\Controller\AVPlayControllerFilter.h">
      <Filter>Header Files\Filter\Controller</Filter>
    </ClInclude>
    <ClInclude Include="..\include\MediaFilter\Decoder\AVDecoderFilter.h">
      <Filter>Header Files\Filter\Decoder</Filter>
    </ClInclude>
    <ClInclude Include="..\include\MediaFilter\Renderer\AVRendererFilter.h">
      <Filter>Header Files\Filter\Renderer</Filter>
    </ClInclude>
    <ClInclude Include="..\include\MediaPin\InputMediaPin.h">
      <Filter>Header Files\Pin</Filter>
    </ClInclude>
    <ClInclude Include="..\include\MediaPin\MediaPin.h">
      <Filter>Header Files\Pin</Filter>
    </ClInclude>
    <ClInclude Include="..\include\MediaPin\OutputMediaPin.h">
      <Filter>Header Files\Pin</Filter>
    </ClInclude>
    <ClInclude Include="..\include\DataStruct\UnorderedMap.h">
      <Filter>Header Files\DataStruct</Filter>
    </ClInclude>
    <ClInclude Include="..\include\error.h">
      <Filter>Header Files</Filter>
    </ClInclude>
    <ClInclude Include="..\include\predef.h">
      <Filter>Header Files</Filter>
    </ClInclude>
    <ClInclude Include="..\include\MediaGraph\PlaybackMediaGraph.h">
      <Filter>Header Files\Graph</Filter>
    </ClInclude>
    <ClInclude Include="..\include\MediaModel\MediaModel.h">
      <Filter>Header Files\Model</Filter>
    </ClInclude>
    <ClInclude Include="..\include\MediaModel\Demuxer\MediaDemuxer.h">
      <Filter>Header Files\Model\Demuxer</Filter>
    </ClInclude>
    <ClInclude Include="..\include\MediaModel\Decoder\MediaDecoder.h">
      <Filter>Header Files\Model\Decoder</Filter>
    </ClInclude>
    <ClInclude Include="..\include\MediaModel\Decoder\FFmpeg\FFmpegVideoDecoder.h">
      <Filter>Header Files\Model\Decoder\FFmpeg</Filter>
    </ClInclude>
    <ClInclude Include="..\include\MediaData\MediaData.h">
      <Filter>Header Files\Data</Filter>
    </ClInclude>
    <ClInclude Include="..\include\MediaModel\Decoder\FFmpeg\FFmpegAudioDecoder.h">
      <Filter>Header Files\Model\Decoder\FFmpeg</Filter>
    </ClInclude>
    <ClInclude Include="..\boost_1_67_0\libs\filesystem\src\windows_file_codecvt.hpp">
      <Filter>Source Files\boost\filesystem</Filter>
    </ClInclude>
    <ClInclude Include="..\include\MediaGraph\FFmpeg\FFmpegPlaybackMediaGraph.h">
      <Filter>Header Files\Graph\FFmpeg</Filter>
    </ClInclude>
    <ClInclude Include="..\include\MediaFilter\Callback\AVDataCallbackFilter.h">
      <Filter>Header Files\Filter\Callback</Filter>
    </ClInclude>
    <ClInclude Include="..\include\MediaFilter\Formatter\ImageFormatterFilter.h">
      <Filter>Header Files\Filter\Formatter</Filter>
    </ClInclude>
    <ClInclude Include="..\include\MediaModel\Demuxer\FFmpeg\FFmpegLocalFileDemuxer.h">
      <Filter>Header Files\Model\Demuxer\FFmpeg</Filter>
    </ClInclude>
    <ClInclude Include="..\include\MediaModel\Renderer\MediaRenderer.h">
      <Filter>Header Files\Model\Renderer</Filter>
    </ClInclude>
    <ClInclude Include="..\include\MediaModel\Renderer\D3D\VideoD3DRenderer.h">
      <Filter>Header Files\Model\Renderer\D3D</Filter>
    </ClInclude>
    <ClInclude Include="..\include\MediaModel\Renderer\D3D\D3D\D3D.h">
      <Filter>Header Files\Model\Renderer\D3D\D3D</Filter>
    </ClInclude>
    <ClInclude Include="..\include\MediaModel\Renderer\D3D\D3D\D3DDevice.h">
      <Filter>Header Files\Model\Renderer\D3D\D3D</Filter>
    </ClInclude>
    <ClInclude Include="..\include\MediaModel\Renderer\D3D\D3D\D3DDisplay.h">
      <Filter>Header Files\Model\Renderer\D3D\D3D</Filter>
    </ClInclude>
    <ClInclude Include="..\include\MediaModel\Renderer\D3D\D3D\D3DFont.h">
      <Filter>Header Files\Model\Renderer\D3D\D3D</Filter>
    </ClInclude>
    <ClInclude Include="..\include\MediaModel\Renderer\D3D\D3D\D3DPixelShader.h">
      <Filter>Header Files\Model\Renderer\D3D\D3D</Filter>
    </ClInclude>
    <ClInclude Include="..\include\MediaModel\Renderer\D3D\D3D\D3DTexture.h">
      <Filter>Header Files\Model\Renderer\D3D\D3D</Filter>
    </ClInclude>
    <ClInclude Include="..\include\MediaModel\Renderer\D3D\D3D\D3DVertexBuffer.h">
      <Filter>Header Files\Model\Renderer\D3D\D3D</Filter>
    </ClInclude>
  </ItemGroup>
  <ItemGroup>
    <ClCompile Include="dllmain.cpp">
      <Filter>Source Files</Filter>
    </ClCompile>
    <ClCompile Include="pch.cpp">
      <Filter>Source Files</Filter>
    </ClCompile>
    <ClCompile Include="MediaPlay.cpp">
      <Filter>Source Files</Filter>
    </ClCompile>
    <ClCompile Include="..\source\MediaGraph\MediaGraph.cpp">
      <Filter>Source Files\Graph</Filter>
    </ClCompile>
    <ClCompile Include="..\source\MediaFilter\MediaFilter.cpp">
      <Filter>Source Files\Filter</Filter>
    </ClCompile>
    <ClCompile Include="..\source\MediaFilter\SourceMediaFilter.cpp">
      <Filter>Source Files\Filter</Filter>
    </ClCompile>
    <ClCompile Include="..\source\MediaFilter\TargetMediaFilter.cpp">
      <Filter>Source Files\Filter</Filter>
    </ClCompile>
    <ClCompile Include="..\source\MediaFilter\Demuxer\AVDemuxerFilter.cpp">
      <Filter>Source Files\Filter\Demuxer</Filter>
    </ClCompile>
    <ClCompile Include="..\source\MediaFilter\Controller\AVPlayControllerFilter.cpp">
      <Filter>Source Files\Filter\Controller</Filter>
    </ClCompile>
    <ClCompile Include="..\source\MediaFilter\Decoder\AVDecoderFilter.cpp">
      <Filter>Source Files\Filter\Decoder</Filter>
    </ClCompile>
    <ClCompile Include="..\source\MediaFilter\Renderer\AVRendererFilter.cpp">
      <Filter>Source Files\Filter\Renderer</Filter>
    </ClCompile>
    <ClCompile Include="..\source\MediaPin\InputMediaPin.cpp">
      <Filter>Source Files\Pin</Filter>
    </ClCompile>
    <ClCompile Include="..\source\MediaPin\MediaPin.cpp">
      <Filter>Source Files\Pin</Filter>
    </ClCompile>
    <ClCompile Include="..\source\MediaPin\OutputMediaPin.cpp">
      <Filter>Source Files\Pin</Filter>
    </ClCompile>
    <ClCompile Include="..\boost_1_67_0\libs\system\src\error_code.cpp">
      <Filter>Source Files\boost\system</Filter>
    </ClCompile>
    <ClCompile Include="..\boost_1_67_0\libs\thread\src\win32\boost_thread.cpp">
      <Filter>Source Files\boost\thread</Filter>
    </ClCompile>
    <ClCompile Include="..\boost_1_67_0\libs\thread\src\win32\thread_primitives.cpp">
      <Filter>Source Files\boost\thread</Filter>
    </ClCompile>
    <ClCompile Include="..\boost_1_67_0\libs\thread\src\win32\tss_dll.cpp">
      <Filter>Source Files\boost\thread</Filter>
    </ClCompile>
    <ClCompile Include="..\boost_1_67_0\libs\thread\src\win32\tss_pe.cpp">
      <Filter>Source Files\boost\thread</Filter>
    </ClCompile>
    <ClCompile Include="..\source\MediaGraph\PlaybackMediaGraph.cpp">
      <Filter>Source Files\Graph</Filter>
    </ClCompile>
    <ClCompile Include="..\source\MediaModel\MediaModel.cpp">
      <Filter>Source Files\Model</Filter>
    </ClCompile>
    <ClCompile Include="..\source\MediaModel\Demuxer\MediaDemuxer.cpp">
      <Filter>Source Files\Model\Demuxer</Filter>
    </ClCompile>
    <ClCompile Include="..\source\MediaModel\Decoder\MediaDecoder.cpp">
      <Filter>Source Files\Model\Decoder</Filter>
    </ClCompile>
    <ClCompile Include="..\source\MediaModel\Decoder\FFmpeg\FFmpegVideoDecoder.cpp">
      <Filter>Source Files\Model\Decoder\FFmpeg</Filter>
    </ClCompile>
    <ClCompile Include="..\source\MediaData\MediaData.cpp">
      <Filter>Source Files\Data</Filter>
    </ClCompile>
    <ClCompile Include="..\source\MediaModel\Decoder\FFmpeg\FFmpegAudioDecoder.cpp">
      <Filter>Source Files\Model\Decoder\FFmpeg</Filter>
    </ClCompile>
    <ClCompile Include="..\boost_1_67_0\libs\filesystem\src\codecvt_error_category.cpp">
      <Filter>Source Files\boost\filesystem</Filter>
    </ClCompile>
    <ClCompile Include="..\boost_1_67_0\libs\filesystem\src\operations.cpp">
      <Filter>Source Files\boost\filesystem</Filter>
    </ClCompile>
    <ClCompile Include="..\boost_1_67_0\libs\filesystem\src\path.cpp">
      <Filter>Source Files\boost\filesystem</Filter>
    </ClCompile>
    <ClCompile Include="..\boost_1_67_0\libs\filesystem\src\path_traits.cpp">
      <Filter>Source Files\boost\filesystem</Filter>
    </ClCompile>
    <ClCompile Include="..\boost_1_67_0\libs\filesystem\src\portability.cpp">
      <Filter>Source Files\boost\filesystem</Filter>
    </ClCompile>
    <ClCompile Include="..\boost_1_67_0\libs\filesystem\src\unique_path.cpp">
      <Filter>Source Files\boost\filesystem</Filter>
    </ClCompile>
    <ClCompile Include="..\boost_1_67_0\libs\filesystem\src\utf8_codecvt_facet.cpp">
      <Filter>Source Files\boost\filesystem</Filter>
    </ClCompile>
    <ClCompile Include="..\boost_1_67_0\libs\filesystem\src\windows_file_codecvt.cpp">
      <Filter>Source Files\boost\filesystem</Filter>
    </ClCompile>
    <ClCompile Include="..\source\MediaGraph\FFmpeg\FFmpegPlaybackMediaGraph.cpp">
      <Filter>Source Files\Graph\FFmpeg</Filter>
    </ClCompile>
    <ClCompile Include="..\source\MediaFilter\Callback\AVDataCallbackFilter.cpp">
      <Filter>Source Files\Filter\Callback</Filter>
    </ClCompile>
    <ClCompile Include="..\source\MediaFilter\Formatter\ImageFormatterFilter.cpp">
      <Filter>Source Files\Filter\Formatter</Filter>
    </ClCompile>
    <ClCompile Include="..\source\MediaModel\Demuxer\FFmpeg\FFmpegLocalFileDemuxer.cpp">
      <Filter>Source Files\Model\Demuxer\FFmpeg</Filter>
    </ClCompile>
    <ClCompile Include="..\source\MediaModel\Renderer\MediaRenderer.cpp">
      <Filter>Source Files\Model\Renderer</Filter>
    </ClCompile>
    <ClCompile Include="..\source\MediaModel\Renderer\D3D\VideoD3DRenderer.cpp">
      <Filter>Source Files\Model\Renderer\D3D</Filter>
    </ClCompile>
    <ClCompile Include="..\source\MediaModel\Renderer\D3D\D3D\D3D.cpp">
      <Filter>Source Files\Model\Renderer\D3D\D3D</Filter>
    </ClCompile>
    <ClCompile Include="..\source\MediaModel\Renderer\D3D\D3D\D3DDevice.cpp">
      <Filter>Source Files\Model\Renderer\D3D\D3D</Filter>
    </ClCompile>
    <ClCompile Include="..\source\MediaModel\Renderer\D3D\D3D\D3DDisplay.cpp">
      <Filter>Source Files\Model\Renderer\D3D\D3D</Filter>
    </ClCompile>
    <ClCompile Include="..\source\MediaModel\Renderer\D3D\D3D\D3DFont.cpp">
      <Filter>Source Files\Model\Renderer\D3D\D3D</Filter>
    </ClCompile>
    <ClCompile Include="..\source\MediaModel\Renderer\D3D\D3D\D3DPixelShader.cpp">
      <Filter>Source Files\Model\Renderer\D3D\D3D</Filter>
    </ClCompile>
    <ClCompile Include="..\source\MediaModel\Renderer\D3D\D3D\D3DTexture.cpp">
      <Filter>Source Files\Model\Renderer\D3D\D3D</Filter>
    </ClCompile>
    <ClCompile Include="..\source\MediaModel\Renderer\D3D\D3D\D3DVertexBuffer.cpp">
      <Filter>Source Files\Model\Renderer\D3D\D3D</Filter>
    </ClCompile>
  </ItemGroup>
</Project>